// !$*UTF8*$!
{
	archiveVersion = 1;
	classes = {
	};
	objectVersion = 70;
	objects = {

/* Begin PBXBuildFile section */
		AA21AB932CE6711800F356A5 /* ItunesPodcastManager in Frameworks */ = {isa = PBXBuildFile; productRef = AA21AB922CE6711800F356A5 /* ItunesPodcastManager */; };
		AA21AB952CE6711800F356A5 /* ItunesPodcastManagerLogger in Frameworks */ = {isa = PBXBuildFile; productRef = AA21AB942CE6711800F356A5 /* ItunesPodcastManagerLogger */; };
		AA42C1F72CD67F9C00DDF645 /* Settings.bundle in Resources */ = {isa = PBXBuildFile; fileRef = AA42C1F62CD67F9C00DDF645 /* Settings.bundle */; };
		AA61A6BB2CD984DB00095FE0 /* Alamofire in Frameworks */ = {isa = PBXBuildFile; productRef = AA61A6BA2CD984DB00095FE0 /* Alamofire */; };
		AA6A96E12CE7F59200F1E1E5 /* Assets.xcassets in Resources */ = {isa = PBXBuildFile; fileRef = AA6A96DC2CE7F59200F1E1E5 /* Assets.xcassets */; };
		AA6A97032CE7F59200F1E1E5 /* RootModule.swift in Sources */ = {isa = PBXBuildFile; fileRef = AA6A96DE2CE7F59200F1E1E5 /* RootModule.swift */; };
		AA7C8EBC2CDA4AB400122196 /* FeedKit in Frameworks */ = {isa = PBXBuildFile; productRef = AA7C8EBB2CDA4AB400122196 /* FeedKit */; };
		AA7DE4C72C9F1D4D00D51A42 /* SwiftyJSON in Frameworks */ = {isa = PBXBuildFile; productRef = AA7DE4C62C9F1D4D00D51A42 /* SwiftyJSON */; };
		AA9278562C8F155C00D5CF6D /* ComposableArchitecture in Frameworks */ = {isa = PBXBuildFile; productRef = AA9278552C8F155C00D5CF6D /* ComposableArchitecture */; };
		AAAFD55C2CD40228006E2A89 /* Kingfisher in Frameworks */ = {isa = PBXBuildFile; productRef = AAAFD55B2CD40228006E2A89 /* Kingfisher */; };
		AAFED4392CC9AE0F00A9096D /* Cache in Frameworks */ = {isa = PBXBuildFile; productRef = AAFED4382CC9AE0F00A9096D /* Cache */; };
/* End PBXBuildFile section */

/* Begin PBXFileReference section */
		AA42C1F62CD67F9C00DDF645 /* Settings.bundle */ = {isa = PBXFileReference; lastKnownFileType = "wrapper.plug-in"; path = Settings.bundle; sourceTree = "<group>"; };
		AA6A96DC2CE7F59200F1E1E5 /* Assets.xcassets */ = {isa = PBXFileReference; lastKnownFileType = folder.assetcatalog; path = Assets.xcassets; sourceTree = "<group>"; };
		AA6A96DD2CE7F59200F1E1E5 /* Info.plist */ = {isa = PBXFileReference; lastKnownFileType = text.plist.xml; path = Info.plist; sourceTree = "<group>"; };
		AA6A96DE2CE7F59200F1E1E5 /* RootModule.swift */ = {isa = PBXFileReference; lastKnownFileType = sourcecode.swift; path = RootModule.swift; sourceTree = "<group>"; };
		AA6A97692CE7F65700F1E1E5 /* podcast-ios.app */ = {isa = PBXFileReference; explicitFileType = wrapper.application; includeInIndex = 0; name = "podcast-ios.app"; path = "/Users/raidan/Documents/thesis_imp/podcast-ios/build/Debug-iphoneos/podcast-ios.app"; sourceTree = "<absolute>"; };
/* End PBXFileReference section */

/* Begin PBXFileSystemSynchronizedBuildFileExceptionSet section */
		AA6A97642CE7F5A300F1E1E5 /* PBXFileSystemSynchronizedBuildFileExceptionSet */ = {
			isa = PBXFileSystemSynchronizedBuildFileExceptionSet;
			membershipExceptions = (
				CoreHapticManager/HapticManager.swift,
				CoreLocationManager.swift,
				LoggingManager/Logger.swift,
				PlayerManager/AudioPlayerManager.swift,
				PlayerManager/AudioPlayerManagerModel.swift,
				PlayerManager/AVPlayerManager.swift,
				PlayerManager/Queue.swift,
				PodHubManager/PodHubManager.swift,
				PodHubManager/PodHubModel.swift,
				SharedStateManager/SharedStateFeature.swift,
			);
			target = AA9278422C8F151C00D5CF6D /* podcast-ios */;
		};
		AA6A97652CE7F5A300F1E1E5 /* PBXFileSystemSynchronizedBuildFileExceptionSet */ = {
			isa = PBXFileSystemSynchronizedBuildFileExceptionSet;
			membershipExceptions = (
				AppDelegate.swift,
				InjectionKey.swift,
				Theme.swift,
			);
			target = AA9278422C8F151C00D5CF6D /* podcast-ios */;
		};
		AA6A97662CE7F5A300F1E1E5 /* PBXFileSystemSynchronizedBuildFileExceptionSet */ = {
			isa = PBXFileSystemSynchronizedBuildFileExceptionSet;
			membershipExceptions = (
				"Preview Assets.xcassets",
			);
			target = AA9278422C8F151C00D5CF6D /* podcast-ios */;
		};
		AA6A97672CE7F5A300F1E1E5 /* PBXFileSystemSynchronizedBuildFileExceptionSet */ = {
			isa = PBXFileSystemSynchronizedBuildFileExceptionSet;
			membershipExceptions = (
				Catagory/CategoryDetailsFeature.swift,
				Catagory/CategoryDetailsView.swift,
				Explore/DataSource/ExploreFeature.swift,
				Explore/Presentation/ExploreView.swift,
				ExploreSearch/DataSource/ExploreSearchFeature.swift,
				ExploreSearch/Presentation/ExploreSearchView.swift,
				Home/DataSource/HomeFeature.swift,
				Home/Presentation/HomeView.swift,
				Player/DataSource/PlayerFeature.swift,
				Player/Presentation/PlayerView.swift,
				PodcastDetails/DataSource/PodcastDetailsFeature.swift,
				PodcastDetails/Presentation/PodcastDetailsView.swift,
				Settings/SettingsView.swift,
				ShowMorePodcast/ShowMorePodcastView.swift,
			);
			target = AA9278422C8F151C00D5CF6D /* podcast-ios */;
		};
		AA6A97682CE7F5A300F1E1E5 /* PBXFileSystemSynchronizedBuildFileExceptionSet */ = {
			isa = PBXFileSystemSynchronizedBuildFileExceptionSet;
			membershipExceptions = (
				ListViewCell.swift,
				ListViewHero.swift,
			);
			target = AA9278422C8F151C00D5CF6D /* podcast-ios */;
		};
/* End PBXFileSystemSynchronizedBuildFileExceptionSet section */

/* Begin PBXFileSystemSynchronizedRootGroup section */
		AA6A97082CE7F5A300F1E1E5 /* Extensions */ = {isa = PBXFileSystemSynchronizedRootGroup; explicitFileTypes = {}; explicitFolders = (); path = Extensions; sourceTree = "<group>"; };
		AA6A97182CE7F5A300F1E1E5 /* Managers */ = {isa = PBXFileSystemSynchronizedRootGroup; exceptions = (AA6A97642CE7F5A300F1E1E5 /* PBXFileSystemSynchronizedBuildFileExceptionSet */, ); explicitFileTypes = {}; explicitFolders = (); path = Managers; sourceTree = "<group>"; };
		AA6A971C2CE7F5A300F1E1E5 /* Other */ = {isa = PBXFileSystemSynchronizedRootGroup; exceptions = (AA6A97652CE7F5A300F1E1E5 /* PBXFileSystemSynchronizedBuildFileExceptionSet */, ); explicitFileTypes = {}; explicitFolders = (); path = Other; sourceTree = "<group>"; };
		AA6A971E2CE7F5A300F1E1E5 /* Preview Content */ = {isa = PBXFileSystemSynchronizedRootGroup; exceptions = (AA6A97662CE7F5A300F1E1E5 /* PBXFileSystemSynchronizedBuildFileExceptionSet */, ); explicitFileTypes = {}; explicitFolders = (); path = "Preview Content"; sourceTree = "<group>"; };
		AA6A973F2CE7F5A300F1E1E5 /* Screens */ = {isa = PBXFileSystemSynchronizedRootGroup; exceptions = (AA6A97672CE7F5A300F1E1E5 /* PBXFileSystemSynchronizedBuildFileExceptionSet */, ); explicitFileTypes = {}; explicitFolders = (); path = Screens; sourceTree = "<group>"; };
		AA6A97422CE7F5A300F1E1E5 /* Views */ = {isa = PBXFileSystemSynchronizedRootGroup; exceptions = (AA6A97682CE7F5A300F1E1E5 /* PBXFileSystemSynchronizedBuildFileExceptionSet */, ); explicitFileTypes = {}; explicitFolders = (); path = Views; sourceTree = "<group>"; };
/* End PBXFileSystemSynchronizedRootGroup section */

/* Begin PBXFrameworksBuildPhase section */
		AA9278402C8F151C00D5CF6D /* Frameworks */ = {
			isa = PBXFrameworksBuildPhase;
			buildActionMask = 2147483647;
			files = (
				AAAFD55C2CD40228006E2A89 /* Kingfisher in Frameworks */,
				AAFED4392CC9AE0F00A9096D /* Cache in Frameworks */,
				AA61A6BB2CD984DB00095FE0 /* Alamofire in Frameworks */,
				AA21AB952CE6711800F356A5 /* ItunesPodcastManagerLogger in Frameworks */,
				AA21AB932CE6711800F356A5 /* ItunesPodcastManager in Frameworks */,
				AA7C8EBC2CDA4AB400122196 /* FeedKit in Frameworks */,
				AA7DE4C72C9F1D4D00D51A42 /* SwiftyJSON in Frameworks */,
				AA9278562C8F155C00D5CF6D /* ComposableArchitecture in Frameworks */,
			);
			runOnlyForDeploymentPostprocessing = 0;
		};
/* End PBXFrameworksBuildPhase section */

/* Begin PBXGroup section */
		AA92783A2C8F151C00D5CF6D = {
			isa = PBXGroup;
			children = (
				AA42C1F62CD67F9C00DDF645 /* Settings.bundle */,
				AA6A97082CE7F5A300F1E1E5 /* Extensions */,
				AA6A97182CE7F5A300F1E1E5 /* Managers */,
				AA6A971C2CE7F5A300F1E1E5 /* Other */,
				AA6A971E2CE7F5A300F1E1E5 /* Preview Content */,
				AA6A973F2CE7F5A300F1E1E5 /* Screens */,
				AA6A97422CE7F5A300F1E1E5 /* Views */,
				AA6A96DC2CE7F59200F1E1E5 /* Assets.xcassets */,
				AA6A96DD2CE7F59200F1E1E5 /* Info.plist */,
				AA6A96DE2CE7F59200F1E1E5 /* RootModule.swift */,
			);
			sourceTree = "<group>";
		};
/* End PBXGroup section */

/* Begin PBXNativeTarget section */
		AA9278422C8F151C00D5CF6D /* podcast-ios */ = {
			isa = PBXNativeTarget;
			buildConfigurationList = AA9278512C8F151D00D5CF6D /* Build configuration list for PBXNativeTarget "podcast-ios" */;
			buildPhases = (
				AA92783F2C8F151C00D5CF6D /* Sources */,
				AA9278402C8F151C00D5CF6D /* Frameworks */,
				AA9278412C8F151C00D5CF6D /* Resources */,
				AAF16E0B2CC2E93B0035F9D0 /* ShellScript */,
			);
			buildRules = (
			);
			dependencies = (
			);
			fileSystemSynchronizedGroups = (
				AA6A97082CE7F5A300F1E1E5 /* Extensions */,
			);
			name = "podcast-ios";
			packageProductDependencies = (
				AA9278552C8F155C00D5CF6D /* ComposableArchitecture */,
				AA7DE4C62C9F1D4D00D51A42 /* SwiftyJSON */,
				AAFED4382CC9AE0F00A9096D /* Cache */,
				AAAFD55B2CD40228006E2A89 /* Kingfisher */,
				AA61A6BA2CD984DB00095FE0 /* Alamofire */,
				AA7C8EBB2CDA4AB400122196 /* FeedKit */,
				AA21AB922CE6711800F356A5 /* ItunesPodcastManager */,
				AA21AB942CE6711800F356A5 /* ItunesPodcastManagerLogger */,
			);
			productName = "podcast-ios";
			productReference = AA6A97692CE7F65700F1E1E5 /* podcast-ios.app */;
			productType = "com.apple.product-type.application";
		};
/* End PBXNativeTarget section */

/* Begin PBXProject section */
		AA92783B2C8F151C00D5CF6D /* Project object */ = {
			isa = PBXProject;
			attributes = {
				BuildIndependentTargetsInParallel = 1;
				LastSwiftUpdateCheck = 1540;
				LastUpgradeCheck = 1540;
				TargetAttributes = {
					AA9278422C8F151C00D5CF6D = {
						CreatedOnToolsVersion = 15.4;
					};
				};
			};
			buildConfigurationList = AA92783E2C8F151C00D5CF6D /* Build configuration list for PBXProject "podcast-ios" */;
			compatibilityVersion = "Xcode 14.0";
			developmentRegion = en;
			hasScannedForEncodings = 0;
			knownRegions = (
				en,
				Base,
			);
			mainGroup = AA92783A2C8F151C00D5CF6D;
			packageReferences = (
				AA9278542C8F155C00D5CF6D /* XCRemoteSwiftPackageReference "swift-composable-architecture" */,
				AA7DE4C52C9F1D4D00D51A42 /* XCRemoteSwiftPackageReference "SwiftyJSON" */,
				AAFED4372CC9AE0F00A9096D /* XCRemoteSwiftPackageReference "Cache" */,
				AAAFD55A2CD40228006E2A89 /* XCRemoteSwiftPackageReference "Kingfisher" */,
				AA61A6B92CD984DB00095FE0 /* XCRemoteSwiftPackageReference "Alamofire" */,
				AA7C8EBA2CDA4AB400122196 /* XCRemoteSwiftPackageReference "FeedKit" */,
				AA21AB912CE6711800F356A5 /* XCRemoteSwiftPackageReference "itunes_podcast_api" */,
			);
			productRefGroup = AA92783A2C8F151C00D5CF6D;
			projectDirPath = "";
			projectRoot = "";
			targets = (
				AA9278422C8F151C00D5CF6D /* podcast-ios */,
			);
		};
/* End PBXProject section */

/* Begin PBXResourcesBuildPhase section */
		AA9278412C8F151C00D5CF6D /* Resources */ = {
			isa = PBXResourcesBuildPhase;
			buildActionMask = 2147483647;
			files = (
				AA6A96E12CE7F59200F1E1E5 /* Assets.xcassets in Resources */,
				AA42C1F72CD67F9C00DDF645 /* Settings.bundle in Resources */,
			);
			runOnlyForDeploymentPostprocessing = 0;
		};
/* End PBXResourcesBuildPhase section */

/* Begin PBXShellScriptBuildPhase section */
		AAF16E0B2CC2E93B0035F9D0 /* ShellScript */ = {
			isa = PBXShellScriptBuildPhase;
			buildActionMask = 2147483647;
			files = (
			);
			inputFileListPaths = (
			);
			inputPaths = (
			);
			outputFileListPaths = (
			);
			outputPaths = (
			);
			runOnlyForDeploymentPostprocessing = 0;
			shellPath = /bin/sh;
			shellScript = "# Type a script or drag a script file from your workspace to insert its path.\nif command -v swiftlint >/dev/null 2>&1\nthen\n    swiftlint\nelse\n    echo \"warning: `swiftlint` command not found - See https://github.com/realm/SwiftLint#installation for installation instructions.\"\nfi\n";
		};
/* End PBXShellScriptBuildPhase section */

/* Begin PBXSourcesBuildPhase section */
		AA92783F2C8F151C00D5CF6D /* Sources */ = {
			isa = PBXSourcesBuildPhase;
			buildActionMask = 2147483647;
			files = (
				AA6A97032CE7F59200F1E1E5 /* RootModule.swift in Sources */,
			);
			runOnlyForDeploymentPostprocessing = 0;
		};
/* End PBXSourcesBuildPhase section */

/* Begin XCBuildConfiguration section */
		AA92784F2C8F151D00D5CF6D /* Debug */ = {
			isa = XCBuildConfiguration;
			buildSettings = {
				ALWAYS_SEARCH_USER_PATHS = NO;
				ASSETCATALOG_COMPILER_GENERATE_SWIFT_ASSET_SYMBOL_EXTENSIONS = YES;
				CLANG_ANALYZER_NONNULL = YES;
				CLANG_ANALYZER_NUMBER_OBJECT_CONVERSION = YES_AGGRESSIVE;
				CLANG_CXX_LANGUAGE_STANDARD = "gnu++20";
				CLANG_ENABLE_MODULES = YES;
				CLANG_ENABLE_OBJC_ARC = YES;
				CLANG_ENABLE_OBJC_WEAK = YES;
				CLANG_WARN_BLOCK_CAPTURE_AUTORELEASING = YES;
				CLANG_WARN_BOOL_CONVERSION = YES;
				CLANG_WARN_COMMA = YES;
				CLANG_WARN_CONSTANT_CONVERSION = YES;
				CLANG_WARN_DEPRECATED_OBJC_IMPLEMENTATIONS = YES;
				CLANG_WARN_DIRECT_OBJC_ISA_USAGE = YES_ERROR;
				CLANG_WARN_DOCUMENTATION_COMMENTS = YES;
				CLANG_WARN_EMPTY_BODY = YES;
				CLANG_WARN_ENUM_CONVERSION = YES;
				CLANG_WARN_INFINITE_RECURSION = YES;
				CLANG_WARN_INT_CONVERSION = YES;
				CLANG_WARN_NON_LITERAL_NULL_CONVERSION = YES;
				CLANG_WARN_OBJC_IMPLICIT_RETAIN_SELF = YES;
				CLANG_WARN_OBJC_LITERAL_CONVERSION = YES;
				CLANG_WARN_OBJC_ROOT_CLASS = YES_ERROR;
				CLANG_WARN_QUOTED_INCLUDE_IN_FRAMEWORK_HEADER = YES;
				CLANG_WARN_RANGE_LOOP_ANALYSIS = YES;
				CLANG_WARN_STRICT_PROTOTYPES = YES;
				CLANG_WARN_SUSPICIOUS_MOVE = YES;
				CLANG_WARN_UNGUARDED_AVAILABILITY = YES_AGGRESSIVE;
				CLANG_WARN_UNREACHABLE_CODE = YES;
				CLANG_WARN__DUPLICATE_METHOD_MATCH = YES;
				COPY_PHASE_STRIP = NO;
				DEBUG_INFORMATION_FORMAT = dwarf;
				ENABLE_STRICT_OBJC_MSGSEND = YES;
				ENABLE_TESTABILITY = YES;
				ENABLE_USER_SCRIPT_SANDBOXING = YES;
				GCC_C_LANGUAGE_STANDARD = gnu17;
				GCC_DYNAMIC_NO_PIC = NO;
				GCC_NO_COMMON_BLOCKS = YES;
				GCC_OPTIMIZATION_LEVEL = 0;
				GCC_PREPROCESSOR_DEFINITIONS = (
					"DEBUG=1",
					"$(inherited)",
				);
				GCC_WARN_64_TO_32_BIT_CONVERSION = YES;
				GCC_WARN_ABOUT_RETURN_TYPE = YES_ERROR;
				GCC_WARN_UNDECLARED_SELECTOR = YES;
				GCC_WARN_UNINITIALIZED_AUTOS = YES_AGGRESSIVE;
				GCC_WARN_UNUSED_FUNCTION = YES;
				GCC_WARN_UNUSED_VARIABLE = YES;
				IPHONEOS_DEPLOYMENT_TARGET = 17.5;
				LOCALIZATION_PREFERS_STRING_CATALOGS = YES;
				MTL_ENABLE_DEBUG_INFO = INCLUDE_SOURCE;
				MTL_FAST_MATH = YES;
				ONLY_ACTIVE_ARCH = YES;
				SDKROOT = iphoneos;
				SWIFT_ACTIVE_COMPILATION_CONDITIONS = "DEBUG $(inherited)";
				SWIFT_OPTIMIZATION_LEVEL = "-Onone";
			};
			name = Debug;
		};
		AA9278502C8F151D00D5CF6D /* Release */ = {
			isa = XCBuildConfiguration;
			buildSettings = {
				ALWAYS_SEARCH_USER_PATHS = NO;
				ASSETCATALOG_COMPILER_GENERATE_SWIFT_ASSET_SYMBOL_EXTENSIONS = YES;
				CLANG_ANALYZER_NONNULL = YES;
				CLANG_ANALYZER_NUMBER_OBJECT_CONVERSION = YES_AGGRESSIVE;
				CLANG_CXX_LANGUAGE_STANDARD = "gnu++20";
				CLANG_ENABLE_MODULES = YES;
				CLANG_ENABLE_OBJC_ARC = YES;
				CLANG_ENABLE_OBJC_WEAK = YES;
				CLANG_WARN_BLOCK_CAPTURE_AUTORELEASING = YES;
				CLANG_WARN_BOOL_CONVERSION = YES;
				CLANG_WARN_COMMA = YES;
				CLANG_WARN_CONSTANT_CONVERSION = YES;
				CLANG_WARN_DEPRECATED_OBJC_IMPLEMENTATIONS = YES;
				CLANG_WARN_DIRECT_OBJC_ISA_USAGE = YES_ERROR;
				CLANG_WARN_DOCUMENTATION_COMMENTS = YES;
				CLANG_WARN_EMPTY_BODY = YES;
				CLANG_WARN_ENUM_CONVERSION = YES;
				CLANG_WARN_INFINITE_RECURSION = YES;
				CLANG_WARN_INT_CONVERSION = YES;
				CLANG_WARN_NON_LITERAL_NULL_CONVERSION = YES;
				CLANG_WARN_OBJC_IMPLICIT_RETAIN_SELF = YES;
				CLANG_WARN_OBJC_LITERAL_CONVERSION = YES;
				CLANG_WARN_OBJC_ROOT_CLASS = YES_ERROR;
				CLANG_WARN_QUOTED_INCLUDE_IN_FRAMEWORK_HEADER = YES;
				CLANG_WARN_RANGE_LOOP_ANALYSIS = YES;
				CLANG_WARN_STRICT_PROTOTYPES = YES;
				CLANG_WARN_SUSPICIOUS_MOVE = YES;
				CLANG_WARN_UNGUARDED_AVAILABILITY = YES_AGGRESSIVE;
				CLANG_WARN_UNREACHABLE_CODE = YES;
				CLANG_WARN__DUPLICATE_METHOD_MATCH = YES;
				COPY_PHASE_STRIP = NO;
				DEBUG_INFORMATION_FORMAT = "dwarf-with-dsym";
				ENABLE_NS_ASSERTIONS = NO;
				ENABLE_STRICT_OBJC_MSGSEND = YES;
				ENABLE_USER_SCRIPT_SANDBOXING = YES;
				GCC_C_LANGUAGE_STANDARD = gnu17;
				GCC_NO_COMMON_BLOCKS = YES;
				GCC_WARN_64_TO_32_BIT_CONVERSION = YES;
				GCC_WARN_ABOUT_RETURN_TYPE = YES_ERROR;
				GCC_WARN_UNDECLARED_SELECTOR = YES;
				GCC_WARN_UNINITIALIZED_AUTOS = YES_AGGRESSIVE;
				GCC_WARN_UNUSED_FUNCTION = YES;
				GCC_WARN_UNUSED_VARIABLE = YES;
				IPHONEOS_DEPLOYMENT_TARGET = 17.5;
				LOCALIZATION_PREFERS_STRING_CATALOGS = YES;
				MTL_ENABLE_DEBUG_INFO = NO;
				MTL_FAST_MATH = YES;
				SDKROOT = iphoneos;
				SWIFT_COMPILATION_MODE = wholemodule;
				VALIDATE_PRODUCT = YES;
			};
			name = Release;
		};
		AA9278522C8F151D00D5CF6D /* Debug */ = {
			isa = XCBuildConfiguration;
			buildSettings = {
				ASSETCATALOG_COMPILER_APPICON_NAME = AppIcon;
				ASSETCATALOG_COMPILER_GLOBAL_ACCENT_COLOR_NAME = AccentColor;
				CODE_SIGN_STYLE = Automatic;
				CURRENT_PROJECT_VERSION = 1;
				DEVELOPMENT_ASSET_PATHS = "\"Preview Content\"";
				DEVELOPMENT_TEAM = Q3584JB8R5;
				ENABLE_PREVIEWS = YES;
				ENABLE_USER_SCRIPT_SANDBOXING = NO;
				GENERATE_INFOPLIST_FILE = YES;
				INFOPLIST_FILE = Info.plist;
				INFOPLIST_KEY_NSLocationAlwaysAndWhenInUseUsageDescription = "We need your location to improve your experience.";
				INFOPLIST_KEY_NSLocationWhenInUseUsageDescription = "We need your location to improve your experience.";
				INFOPLIST_KEY_UIApplicationSceneManifest_Generation = YES;
				INFOPLIST_KEY_UIApplicationSupportsIndirectInputEvents = YES;
				INFOPLIST_KEY_UILaunchScreen_Generation = YES;
				INFOPLIST_KEY_UISupportedInterfaceOrientations = UIInterfaceOrientationPortrait;
				INFOPLIST_KEY_UISupportedInterfaceOrientations_iPad = "UIInterfaceOrientationPortrait UIInterfaceOrientationPortraitUpsideDown";
				LD_RUNPATH_SEARCH_PATHS = (
					"$(inherited)",
					"@executable_path/Frameworks",
				);
				MARKETING_VERSION = 1.0;
				PRODUCT_BUNDLE_IDENTIFIER = "com.atwsmf.podcast-ios";
				PRODUCT_NAME = "$(TARGET_NAME)";
				SUPPORTED_PLATFORMS = "iphoneos iphonesimulator";
				SUPPORTS_MACCATALYST = NO;
				SUPPORTS_MAC_DESIGNED_FOR_IPHONE_IPAD = NO;
				SUPPORTS_XR_DESIGNED_FOR_IPHONE_IPAD = NO;
				SWIFT_EMIT_LOC_STRINGS = YES;
				SWIFT_STRICT_CONCURRENCY = complete;
				SWIFT_VERSION = 5.0;
				TARGETED_DEVICE_FAMILY = 1;
			};
			name = Debug;
		};
		AA9278532C8F151D00D5CF6D /* Release */ = {
			isa = XCBuildConfiguration;
			buildSettings = {
				ASSETCATALOG_COMPILER_APPICON_NAME = AppIcon;
				ASSETCATALOG_COMPILER_GLOBAL_ACCENT_COLOR_NAME = AccentColor;
				CODE_SIGN_STYLE = Automatic;
				CURRENT_PROJECT_VERSION = 1;
				DEVELOPMENT_ASSET_PATHS = "\"Preview Content\"";
				DEVELOPMENT_TEAM = Q3584JB8R5;
				ENABLE_PREVIEWS = YES;
				ENABLE_USER_SCRIPT_SANDBOXING = NO;
				GENERATE_INFOPLIST_FILE = YES;
				INFOPLIST_FILE = Info.plist;
				INFOPLIST_KEY_NSLocationAlwaysAndWhenInUseUsageDescription = "We need your location to improve your experience.";
				INFOPLIST_KEY_NSLocationWhenInUseUsageDescription = "We need your location to improve your experience.";
				INFOPLIST_KEY_UIApplicationSceneManifest_Generation = YES;
				INFOPLIST_KEY_UIApplicationSupportsIndirectInputEvents = YES;
				INFOPLIST_KEY_UILaunchScreen_Generation = YES;
				INFOPLIST_KEY_UISupportedInterfaceOrientations = UIInterfaceOrientationPortrait;
				INFOPLIST_KEY_UISupportedInterfaceOrientations_iPad = "UIInterfaceOrientationPortrait UIInterfaceOrientationPortraitUpsideDown";
				LD_RUNPATH_SEARCH_PATHS = (
					"$(inherited)",
					"@executable_path/Frameworks",
				);
				MARKETING_VERSION = 1.0;
				PRODUCT_BUNDLE_IDENTIFIER = "com.atwsmf.podcast-ios";
				PRODUCT_NAME = "$(TARGET_NAME)";
				SUPPORTED_PLATFORMS = "iphoneos iphonesimulator";
				SUPPORTS_MACCATALYST = NO;
				SUPPORTS_MAC_DESIGNED_FOR_IPHONE_IPAD = NO;
				SUPPORTS_XR_DESIGNED_FOR_IPHONE_IPAD = NO;
				SWIFT_EMIT_LOC_STRINGS = YES;
				SWIFT_STRICT_CONCURRENCY = complete;
				SWIFT_VERSION = 5.0;
				TARGETED_DEVICE_FAMILY = 1;
			};
			name = Release;
		};
/* End XCBuildConfiguration section */

/* Begin XCConfigurationList section */
		AA92783E2C8F151C00D5CF6D /* Build configuration list for PBXProject "podcast-ios" */ = {
			isa = XCConfigurationList;
			buildConfigurations = (
				AA92784F2C8F151D00D5CF6D /* Debug */,
				AA9278502C8F151D00D5CF6D /* Release */,
			);
			defaultConfigurationIsVisible = 0;
			defaultConfigurationName = Release;
		};
		AA9278512C8F151D00D5CF6D /* Build configuration list for PBXNativeTarget "podcast-ios" */ = {
			isa = XCConfigurationList;
			buildConfigurations = (
				AA9278522C8F151D00D5CF6D /* Debug */,
				AA9278532C8F151D00D5CF6D /* Release */,
			);
			defaultConfigurationIsVisible = 0;
			defaultConfigurationName = Release;
		};
/* End XCConfigurationList section */

/* Begin XCRemoteSwiftPackageReference section */
		AA21AB912CE6711800F356A5 /* XCRemoteSwiftPackageReference "itunes_podcast_api" */ = {
			isa = XCRemoteSwiftPackageReference;
			repositoryURL = "https://github.com/Raidansz/itunes_podcast_api.git";
			requirement = {
				branch = main;
				kind = branch;
			};
		};
		AA61A6B92CD984DB00095FE0 /* XCRemoteSwiftPackageReference "Alamofire" */ = {
			isa = XCRemoteSwiftPackageReference;
			repositoryURL = "https://github.com/Alamofire/Alamofire.git";
			requirement = {
				kind = upToNextMajorVersion;
				minimumVersion = 5.10.1;
			};
		};
		AA7C8EBA2CDA4AB400122196 /* XCRemoteSwiftPackageReference "FeedKit" */ = {
			isa = XCRemoteSwiftPackageReference;
			repositoryURL = "https://github.com/nmdias/FeedKit.git";
			requirement = {
				kind = upToNextMajorVersion;
				minimumVersion = 9.1.2;
			};
		};
		AA7DE4C52C9F1D4D00D51A42 /* XCRemoteSwiftPackageReference "SwiftyJSON" */ = {
			isa = XCRemoteSwiftPackageReference;
			repositoryURL = "https://github.com/SwiftyJSON/SwiftyJSON.git";
			requirement = {
				kind = upToNextMajorVersion;
				minimumVersion = 5.0.2;
			};
		};
		AA9278542C8F155C00D5CF6D /* XCRemoteSwiftPackageReference "swift-composable-architecture" */ = {
			isa = XCRemoteSwiftPackageReference;
			repositoryURL = "https://github.com/pointfreeco/swift-composable-architecture.git";
			requirement = {
				kind = upToNextMajorVersion;
				minimumVersion = 1.15.2;
			};
		};
		AAAFD55A2CD40228006E2A89 /* XCRemoteSwiftPackageReference "Kingfisher" */ = {
			isa = XCRemoteSwiftPackageReference;
			repositoryURL = "https://github.com/onevcat/Kingfisher.git";
			requirement = {
				kind = upToNextMajorVersion;
				minimumVersion = 8.1.0;
			};
		};
		AAFED4372CC9AE0F00A9096D /* XCRemoteSwiftPackageReference "Cache" */ = {
			isa = XCRemoteSwiftPackageReference;
			repositoryURL = "https://github.com/hyperoslo/Cache.git";
			requirement = {
				kind = upToNextMajorVersion;
				minimumVersion = 7.4.0;
			};
		};
/* End XCRemoteSwiftPackageReference section */

/* Begin XCSwiftPackageProductDependency section */
		AA21AB922CE6711800F356A5 /* ItunesPodcastManager */ = {
			isa = XCSwiftPackageProductDependency;
			package = AA21AB912CE6711800F356A5 /* XCRemoteSwiftPackageReference "itunes_podcast_api" */;
			productName = ItunesPodcastManager;
		};
		AA21AB942CE6711800F356A5 /* ItunesPodcastManagerLogger */ = {
			isa = XCSwiftPackageProductDependency;
			package = AA21AB912CE6711800F356A5 /* XCRemoteSwiftPackageReference "itunes_podcast_api" */;
			productName = ItunesPodcastManagerLogger;
		};
		AA61A6BA2CD984DB00095FE0 /* Alamofire */ = {
			isa = XCSwiftPackageProductDependency;
			package = AA61A6B92CD984DB00095FE0 /* XCRemoteSwiftPackageReference "Alamofire" */;
			productName = Alamofire;
		};
		AA7C8EBB2CDA4AB400122196 /* FeedKit */ = {
			isa = XCSwiftPackageProductDependency;
			package = AA7C8EBA2CDA4AB400122196 /* XCRemoteSwiftPackageReference "FeedKit" */;
			productName = FeedKit;
		};
		AA7DE4C62C9F1D4D00D51A42 /* SwiftyJSON */ = {
			isa = XCSwiftPackageProductDependency;
			package = AA7DE4C52C9F1D4D00D51A42 /* XCRemoteSwiftPackageReference "SwiftyJSON" */;
			productName = SwiftyJSON;
		};
		AA9278552C8F155C00D5CF6D /* ComposableArchitecture */ = {
			isa = XCSwiftPackageProductDependency;
			package = AA9278542C8F155C00D5CF6D /* XCRemoteSwiftPackageReference "swift-composable-architecture" */;
			productName = ComposableArchitecture;
		};
		AAAFD55B2CD40228006E2A89 /* Kingfisher */ = {
			isa = XCSwiftPackageProductDependency;
			package = AAAFD55A2CD40228006E2A89 /* XCRemoteSwiftPackageReference "Kingfisher" */;
			productName = Kingfisher;
		};
		AAFED4382CC9AE0F00A9096D /* Cache */ = {
			isa = XCSwiftPackageProductDependency;
			package = AAFED4372CC9AE0F00A9096D /* XCRemoteSwiftPackageReference "Cache" */;
			productName = Cache;
		};
/* End XCSwiftPackageProductDependency section */
	};
	rootObject = AA92783B2C8F151C00D5CF6D /* Project object */;
}
