// !$*UTF8*$!
{
	archiveVersion = 1;
	classes = {
	};
	objectVersion = 56;
	objects = {

/* Begin PBXBuildFile section */
		AA1F8E3C2CA8572C009FFC85 /* PodHubModel.swift in Sources */ = {isa = PBXBuildFile; fileRef = AA1F8E3B2CA8571F009FFC85 /* PodHubModel.swift */; };
		AA1F8E3E2CA8573E009FFC85 /* PodHubManager.swift in Sources */ = {isa = PBXBuildFile; fileRef = AA1F8E3D2CA85737009FFC85 /* PodHubManager.swift */; };
		AA3098F92CC43CCD003CF32F /* PlayerTimeObserver.swift in Sources */ = {isa = PBXBuildFile; fileRef = AA3098F62CC43CCD003CF32F /* PlayerTimeObserver.swift */; };
		AA3098FA2CC43CCD003CF32F /* Queue.swift in Sources */ = {isa = PBXBuildFile; fileRef = AA3098F72CC43CCD003CF32F /* Queue.swift */; };
		AA3098FB2CC43CCD003CF32F /* PlayerDurationObserver.swift in Sources */ = {isa = PBXBuildFile; fileRef = AA3098F52CC43CCD003CF32F /* PlayerDurationObserver.swift */; };
		AA42C1982CD55C7E00DDF645 /* SharedStateFeature.swift in Sources */ = {isa = PBXBuildFile; fileRef = AA42C1972CD55C7400DDF645 /* SharedStateFeature.swift */; };
		AA42C1F52CD66E6D00DDF645 /* SettingsView.swift in Sources */ = {isa = PBXBuildFile; fileRef = AA42C1F42CD66E6700DDF645 /* SettingsView.swift */; };
		AA42C1F72CD67F9C00DDF645 /* Settings.bundle in Resources */ = {isa = PBXBuildFile; fileRef = AA42C1F62CD67F9C00DDF645 /* Settings.bundle */; };
		AA42C1FD2CD687F900DDF645 /* HomeView.swift in Sources */ = {isa = PBXBuildFile; fileRef = AA42C1FC2CD687F600DDF645 /* HomeView.swift */; };
		AA42C1FF2CD6881F00DDF645 /* HomeFeature.swift in Sources */ = {isa = PBXBuildFile; fileRef = AA42C1FE2CD6881700DDF645 /* HomeFeature.swift */; };
		AA42C20D2CD6895C00DDF645 /* RootModule.swift in Sources */ = {isa = PBXBuildFile; fileRef = AA42C20C2CD6895B00DDF645 /* RootModule.swift */; };
		AA42C2152CD689E200DDF645 /* PodcastDetailsFeature.swift in Sources */ = {isa = PBXBuildFile; fileRef = AA42C2142CD689E000DDF645 /* PodcastDetailsFeature.swift */; };
		AA42C2172CD68A1B00DDF645 /* PlayerFeature.swift in Sources */ = {isa = PBXBuildFile; fileRef = AA42C2162CD68A1300DDF645 /* PlayerFeature.swift */; };
		AA42C21D2CD68A9800DDF645 /* ExploreSearchFeature.swift in Sources */ = {isa = PBXBuildFile; fileRef = AA42C21C2CD68A9700DDF645 /* ExploreSearchFeature.swift */; };
		AA42C2202CD68AEF00DDF645 /* ExploreFeature.swift in Sources */ = {isa = PBXBuildFile; fileRef = AA42C21F2CD68AE700DDF645 /* ExploreFeature.swift */; };
		AA42C2222CD68D9D00DDF645 /* Logger.swift in Sources */ = {isa = PBXBuildFile; fileRef = AA42C2212CD68D9A00DDF645 /* Logger.swift */; };
		AA45496F2CB43A5C0055890A /* PodcastDetailsView.swift in Sources */ = {isa = PBXBuildFile; fileRef = AA45496E2CB43A450055890A /* PodcastDetailsView.swift */; };
		AA61A6BB2CD984DB00095FE0 /* Alamofire in Frameworks */ = {isa = PBXBuildFile; productRef = AA61A6BA2CD984DB00095FE0 /* Alamofire */; };
		AA7C8EB92CDA420600122196 /* RSSFeedGeneratorModel.swift in Sources */ = {isa = PBXBuildFile; fileRef = AA7C8EB82CDA41ED00122196 /* RSSFeedGeneratorModel.swift */; };
		AA7C8EBC2CDA4AB400122196 /* FeedKit in Frameworks */ = {isa = PBXBuildFile; productRef = AA7C8EBB2CDA4AB400122196 /* FeedKit */; };
		AA7C8EBE2CDAC6DD00122196 /* CategoryDetailsFeature.swift in Sources */ = {isa = PBXBuildFile; fileRef = AA7C8EBD2CDAC6DB00122196 /* CategoryDetailsFeature.swift */; };
		AA7C8EC02CDAC6E400122196 /* CategoryDetailsView.swift in Sources */ = {isa = PBXBuildFile; fileRef = AA7C8EBF2CDAC6E000122196 /* CategoryDetailsView.swift */; };
		AA7C8EC22CDADCCB00122196 /* AudioPlayerManager.swift in Sources */ = {isa = PBXBuildFile; fileRef = AA7C8EC12CDADCC300122196 /* AudioPlayerManager.swift */; };
		AA7C8EC42CDB889500122196 /* AudioPlayerManagerModel.swift in Sources */ = {isa = PBXBuildFile; fileRef = AA7C8EC32CDB888D00122196 /* AudioPlayerManagerModel.swift */; };
		AA7C8EC62CDBB39000122196 /* AVPlayerManager.swift in Sources */ = {isa = PBXBuildFile; fileRef = AA7C8EC52CDBB38800122196 /* AVPlayerManager.swift */; };
		AA7C8EC82CDBDDAA00122196 /* Theme.swift in Sources */ = {isa = PBXBuildFile; fileRef = AA7C8EC72CDBDDA600122196 /* Theme.swift */; };
		AA7DE4BC2C9F0D5800D51A42 /* View+Extension.swift in Sources */ = {isa = PBXBuildFile; fileRef = AA7DE4BA2C9F0D5800D51A42 /* View+Extension.swift */; };
		AA7DE4BD2C9F0D5800D51A42 /* ListViewCell.swift in Sources */ = {isa = PBXBuildFile; fileRef = AA7DE4B82C9F0D5800D51A42 /* ListViewCell.swift */; };
		AA7DE4BE2C9F0D5800D51A42 /* ListViewHero.swift in Sources */ = {isa = PBXBuildFile; fileRef = AA7DE4B92C9F0D5800D51A42 /* ListViewHero.swift */; };
		AA7DE4C22C9F1C9600D51A42 /* ItunesCallerConstants.swift in Sources */ = {isa = PBXBuildFile; fileRef = AA7DE4C12C9F1C9300D51A42 /* ItunesCallerConstants.swift */; };
		AA7DE4C42C9F1D0D00D51A42 /* ItunesModels.swift in Sources */ = {isa = PBXBuildFile; fileRef = AA7DE4C32C9F1D0800D51A42 /* ItunesModels.swift */; };
		AA7DE4C72C9F1D4D00D51A42 /* SwiftyJSON in Frameworks */ = {isa = PBXBuildFile; productRef = AA7DE4C62C9F1D4D00D51A42 /* SwiftyJSON */; };
		AA7DE4C92C9F1DA800D51A42 /* ItunesManager.swift in Sources */ = {isa = PBXBuildFile; fileRef = AA7DE4C82C9F1DA500D51A42 /* ItunesManager.swift */; };
		AA7DE4CB2C9F1E0A00D51A42 /* InjectionKey.swift in Sources */ = {isa = PBXBuildFile; fileRef = AA7DE4CA2C9F1E0600D51A42 /* InjectionKey.swift */; };
		AA7DE4CD2C9F725200D51A42 /* PlayerView.swift in Sources */ = {isa = PBXBuildFile; fileRef = AA7DE4CC2C9F724D00D51A42 /* PlayerView.swift */; };
		AA7DE4D22CA08D4F00D51A42 /* PodcastIndexModel.swift in Sources */ = {isa = PBXBuildFile; fileRef = AA7DE4D12CA08D4C00D51A42 /* PodcastIndexModel.swift */; };
		AA7DE4D42CA08D8D00D51A42 /* PodcastIndexManager.swift in Sources */ = {isa = PBXBuildFile; fileRef = AA7DE4D32CA08D8900D51A42 /* PodcastIndexManager.swift */; };
		AA7DE4DA2CA090A400D51A42 /* PodcastIndexKey.pl in Resources */ = {isa = PBXBuildFile; fileRef = AA7DE4D92CA090A400D51A42 /* PodcastIndexKey.pl */; };
		AA92784B2C8F151D00D5CF6D /* Assets.xcassets in Resources */ = {isa = PBXBuildFile; fileRef = AA92784A2C8F151D00D5CF6D /* Assets.xcassets */; };
		AA92784E2C8F151D00D5CF6D /* Preview Assets.xcassets in Resources */ = {isa = PBXBuildFile; fileRef = AA92784D2C8F151D00D5CF6D /* Preview Assets.xcassets */; };
		AA9278562C8F155C00D5CF6D /* ComposableArchitecture in Frameworks */ = {isa = PBXBuildFile; productRef = AA9278552C8F155C00D5CF6D /* ComposableArchitecture */; };
		AAAD22772CA31AAB0064F2C5 /* ExploreView.swift in Sources */ = {isa = PBXBuildFile; fileRef = AAAD22762CA31AAB0064F2C5 /* ExploreView.swift */; };
		AAAFD49D2CCC3B3E006E2A89 /* HapticManager.swift in Sources */ = {isa = PBXBuildFile; fileRef = AAAFD49C2CCC3B37006E2A89 /* HapticManager.swift */; };
		AAAFD52E2CD2E505006E2A89 /* RSSFeedGeneratorManager.swift in Sources */ = {isa = PBXBuildFile; fileRef = AAAFD52D2CD2E4FA006E2A89 /* RSSFeedGeneratorManager.swift */; };
		AAAFD5302CD308BB006E2A89 /* String+Extension.swift in Sources */ = {isa = PBXBuildFile; fileRef = AAAFD52F2CD308B5006E2A89 /* String+Extension.swift */; };
		AAAFD55C2CD40228006E2A89 /* Kingfisher in Frameworks */ = {isa = PBXBuildFile; productRef = AAAFD55B2CD40228006E2A89 /* Kingfisher */; };
		AAAFD55E2CD405BA006E2A89 /* AppDelegate.swift in Sources */ = {isa = PBXBuildFile; fileRef = AAAFD55D2CD405B8006E2A89 /* AppDelegate.swift */; };
		AAF16C662CB460750035F9D0 /* RSSFeed+Extension.swift in Sources */ = {isa = PBXBuildFile; fileRef = AAF16C652CB460720035F9D0 /* RSSFeed+Extension.swift */; };
		AAF16C692CBAB2840035F9D0 /* ShowMorePodcastView.swift in Sources */ = {isa = PBXBuildFile; fileRef = AAF16C682CBAB2550035F9D0 /* ShowMorePodcastView.swift */; };
		AAFED4332CC8143800A9096D /* ExploreSearchView.swift in Sources */ = {isa = PBXBuildFile; fileRef = AAFED4322CC8143100A9096D /* ExploreSearchView.swift */; };
		AAFED4392CC9AE0F00A9096D /* Cache in Frameworks */ = {isa = PBXBuildFile; productRef = AAFED4382CC9AE0F00A9096D /* Cache */; };
/* End PBXBuildFile section */

/* Begin PBXFileReference section */
		AA1F8E3B2CA8571F009FFC85 /* PodHubModel.swift */ = {isa = PBXFileReference; lastKnownFileType = sourcecode.swift; path = PodHubModel.swift; sourceTree = "<group>"; };
		AA1F8E3D2CA85737009FFC85 /* PodHubManager.swift */ = {isa = PBXFileReference; lastKnownFileType = sourcecode.swift; path = PodHubManager.swift; sourceTree = "<group>"; };
		AA3098F52CC43CCD003CF32F /* PlayerDurationObserver.swift */ = {isa = PBXFileReference; lastKnownFileType = sourcecode.swift; path = PlayerDurationObserver.swift; sourceTree = "<group>"; };
		AA3098F62CC43CCD003CF32F /* PlayerTimeObserver.swift */ = {isa = PBXFileReference; lastKnownFileType = sourcecode.swift; path = PlayerTimeObserver.swift; sourceTree = "<group>"; };
		AA3098F72CC43CCD003CF32F /* Queue.swift */ = {isa = PBXFileReference; lastKnownFileType = sourcecode.swift; path = Queue.swift; sourceTree = "<group>"; };
		AA42C1972CD55C7400DDF645 /* SharedStateFeature.swift */ = {isa = PBXFileReference; lastKnownFileType = sourcecode.swift; path = SharedStateFeature.swift; sourceTree = "<group>"; };
		AA42C1F42CD66E6700DDF645 /* SettingsView.swift */ = {isa = PBXFileReference; lastKnownFileType = sourcecode.swift; path = SettingsView.swift; sourceTree = "<group>"; };
		AA42C1F62CD67F9C00DDF645 /* Settings.bundle */ = {isa = PBXFileReference; lastKnownFileType = "wrapper.plug-in"; path = Settings.bundle; sourceTree = "<group>"; };
		AA42C1FC2CD687F600DDF645 /* HomeView.swift */ = {isa = PBXFileReference; lastKnownFileType = sourcecode.swift; path = HomeView.swift; sourceTree = "<group>"; };
		AA42C1FE2CD6881700DDF645 /* HomeFeature.swift */ = {isa = PBXFileReference; lastKnownFileType = sourcecode.swift; path = HomeFeature.swift; sourceTree = "<group>"; };
		AA42C20C2CD6895B00DDF645 /* RootModule.swift */ = {isa = PBXFileReference; lastKnownFileType = sourcecode.swift; path = RootModule.swift; sourceTree = "<group>"; };
		AA42C2142CD689E000DDF645 /* PodcastDetailsFeature.swift */ = {isa = PBXFileReference; lastKnownFileType = sourcecode.swift; path = PodcastDetailsFeature.swift; sourceTree = "<group>"; };
		AA42C2162CD68A1300DDF645 /* PlayerFeature.swift */ = {isa = PBXFileReference; lastKnownFileType = sourcecode.swift; path = PlayerFeature.swift; sourceTree = "<group>"; };
		AA42C21C2CD68A9700DDF645 /* ExploreSearchFeature.swift */ = {isa = PBXFileReference; lastKnownFileType = sourcecode.swift; path = ExploreSearchFeature.swift; sourceTree = "<group>"; };
		AA42C21F2CD68AE700DDF645 /* ExploreFeature.swift */ = {isa = PBXFileReference; lastKnownFileType = sourcecode.swift; path = ExploreFeature.swift; sourceTree = "<group>"; };
		AA42C2212CD68D9A00DDF645 /* Logger.swift */ = {isa = PBXFileReference; lastKnownFileType = sourcecode.swift; path = Logger.swift; sourceTree = "<group>"; };
		AA45496E2CB43A450055890A /* PodcastDetailsView.swift */ = {isa = PBXFileReference; lastKnownFileType = sourcecode.swift; path = PodcastDetailsView.swift; sourceTree = "<group>"; };
		AA7C8EB82CDA41ED00122196 /* RSSFeedGeneratorModel.swift */ = {isa = PBXFileReference; lastKnownFileType = sourcecode.swift; path = RSSFeedGeneratorModel.swift; sourceTree = "<group>"; };
		AA7C8EBD2CDAC6DB00122196 /* CategoryDetailsFeature.swift */ = {isa = PBXFileReference; lastKnownFileType = sourcecode.swift; path = CategoryDetailsFeature.swift; sourceTree = "<group>"; };
		AA7C8EBF2CDAC6E000122196 /* CategoryDetailsView.swift */ = {isa = PBXFileReference; lastKnownFileType = sourcecode.swift; path = CategoryDetailsView.swift; sourceTree = "<group>"; };
		AA7C8EC12CDADCC300122196 /* AudioPlayerManager.swift */ = {isa = PBXFileReference; lastKnownFileType = sourcecode.swift; path = AudioPlayerManager.swift; sourceTree = "<group>"; };
		AA7C8EC32CDB888D00122196 /* AudioPlayerManagerModel.swift */ = {isa = PBXFileReference; lastKnownFileType = sourcecode.swift; path = AudioPlayerManagerModel.swift; sourceTree = "<group>"; };
		AA7C8EC52CDBB38800122196 /* AVPlayerManager.swift */ = {isa = PBXFileReference; lastKnownFileType = sourcecode.swift; path = AVPlayerManager.swift; sourceTree = "<group>"; };
		AA7C8EC72CDBDDA600122196 /* Theme.swift */ = {isa = PBXFileReference; lastKnownFileType = sourcecode.swift; path = Theme.swift; sourceTree = "<group>"; };
		AA7DE4B82C9F0D5800D51A42 /* ListViewCell.swift */ = {isa = PBXFileReference; lastKnownFileType = sourcecode.swift; path = ListViewCell.swift; sourceTree = "<group>"; };
		AA7DE4B92C9F0D5800D51A42 /* ListViewHero.swift */ = {isa = PBXFileReference; lastKnownFileType = sourcecode.swift; path = ListViewHero.swift; sourceTree = "<group>"; };
		AA7DE4BA2C9F0D5800D51A42 /* View+Extension.swift */ = {isa = PBXFileReference; lastKnownFileType = sourcecode.swift; path = "View+Extension.swift"; sourceTree = "<group>"; };
		AA7DE4C12C9F1C9300D51A42 /* ItunesCallerConstants.swift */ = {isa = PBXFileReference; lastKnownFileType = sourcecode.swift; path = ItunesCallerConstants.swift; sourceTree = "<group>"; };
		AA7DE4C32C9F1D0800D51A42 /* ItunesModels.swift */ = {isa = PBXFileReference; lastKnownFileType = sourcecode.swift; path = ItunesModels.swift; sourceTree = "<group>"; };
		AA7DE4C82C9F1DA500D51A42 /* ItunesManager.swift */ = {isa = PBXFileReference; lastKnownFileType = sourcecode.swift; path = ItunesManager.swift; sourceTree = "<group>"; };
		AA7DE4CA2C9F1E0600D51A42 /* InjectionKey.swift */ = {isa = PBXFileReference; lastKnownFileType = sourcecode.swift; path = InjectionKey.swift; sourceTree = "<group>"; };
		AA7DE4CC2C9F724D00D51A42 /* PlayerView.swift */ = {isa = PBXFileReference; lastKnownFileType = sourcecode.swift; path = PlayerView.swift; sourceTree = "<group>"; };
		AA7DE4D12CA08D4C00D51A42 /* PodcastIndexModel.swift */ = {isa = PBXFileReference; lastKnownFileType = sourcecode.swift; path = PodcastIndexModel.swift; sourceTree = "<group>"; };
		AA7DE4D32CA08D8900D51A42 /* PodcastIndexManager.swift */ = {isa = PBXFileReference; lastKnownFileType = sourcecode.swift; path = PodcastIndexManager.swift; sourceTree = "<group>"; };
		AA7DE4D92CA090A400D51A42 /* PodcastIndexKey.pl */ = {isa = PBXFileReference; lastKnownFileType = text.script.perl; path = PodcastIndexKey.pl; sourceTree = "<group>"; };
		AA9278432C8F151C00D5CF6D /* podcast-ios.app */ = {isa = PBXFileReference; explicitFileType = wrapper.application; includeInIndex = 0; path = "podcast-ios.app"; sourceTree = BUILT_PRODUCTS_DIR; };
		AA92784A2C8F151D00D5CF6D /* Assets.xcassets */ = {isa = PBXFileReference; lastKnownFileType = folder.assetcatalog; path = Assets.xcassets; sourceTree = "<group>"; };
		AA92784D2C8F151D00D5CF6D /* Preview Assets.xcassets */ = {isa = PBXFileReference; lastKnownFileType = folder.assetcatalog; path = "Preview Assets.xcassets"; sourceTree = "<group>"; };
		AAAD22762CA31AAB0064F2C5 /* ExploreView.swift */ = {isa = PBXFileReference; lastKnownFileType = sourcecode.swift; path = ExploreView.swift; sourceTree = "<group>"; };
		AAAFD49C2CCC3B37006E2A89 /* HapticManager.swift */ = {isa = PBXFileReference; lastKnownFileType = sourcecode.swift; path = HapticManager.swift; sourceTree = "<group>"; };
		AAAFD52D2CD2E4FA006E2A89 /* RSSFeedGeneratorManager.swift */ = {isa = PBXFileReference; lastKnownFileType = sourcecode.swift; path = RSSFeedGeneratorManager.swift; sourceTree = "<group>"; };
		AAAFD52F2CD308B5006E2A89 /* String+Extension.swift */ = {isa = PBXFileReference; lastKnownFileType = sourcecode.swift; path = "String+Extension.swift"; sourceTree = "<group>"; };
		AAAFD55D2CD405B8006E2A89 /* AppDelegate.swift */ = {isa = PBXFileReference; lastKnownFileType = sourcecode.swift; path = AppDelegate.swift; sourceTree = "<group>"; };
		AAF16C652CB460720035F9D0 /* RSSFeed+Extension.swift */ = {isa = PBXFileReference; lastKnownFileType = sourcecode.swift; path = "RSSFeed+Extension.swift"; sourceTree = "<group>"; };
		AAF16C672CB5D4F00035F9D0 /* Info.plist */ = {isa = PBXFileReference; lastKnownFileType = text.plist; path = Info.plist; sourceTree = "<group>"; };
		AAF16C682CBAB2550035F9D0 /* ShowMorePodcastView.swift */ = {isa = PBXFileReference; lastKnownFileType = sourcecode.swift; path = ShowMorePodcastView.swift; sourceTree = "<group>"; };
		AAFED4322CC8143100A9096D /* ExploreSearchView.swift */ = {isa = PBXFileReference; lastKnownFileType = sourcecode.swift; path = ExploreSearchView.swift; sourceTree = "<group>"; };
/* End PBXFileReference section */

/* Begin PBXFrameworksBuildPhase section */
		AA9278402C8F151C00D5CF6D /* Frameworks */ = {
			isa = PBXFrameworksBuildPhase;
			buildActionMask = 2147483647;
			files = (
				AAAFD55C2CD40228006E2A89 /* Kingfisher in Frameworks */,
				AAFED4392CC9AE0F00A9096D /* Cache in Frameworks */,
				AA61A6BB2CD984DB00095FE0 /* Alamofire in Frameworks */,
				AA7C8EBC2CDA4AB400122196 /* FeedKit in Frameworks */,
				AA7DE4C72C9F1D4D00D51A42 /* SwiftyJSON in Frameworks */,
				AA9278562C8F155C00D5CF6D /* ComposableArchitecture in Frameworks */,
			);
			runOnlyForDeploymentPostprocessing = 0;
		};
/* End PBXFrameworksBuildPhase section */

/* Begin PBXGroup section */
		AA1F8E3A2CA8570B009FFC85 /* PodHubManager */ = {
			isa = PBXGroup;
			children = (
				AA1F8E3D2CA85737009FFC85 /* PodHubManager.swift */,
				AA1F8E3B2CA8571F009FFC85 /* PodHubModel.swift */,
			);
			path = PodHubManager;
			sourceTree = "<group>";
		};
		AA3098F32CC43CA8003CF32F /* PlayerManager */ = {
			isa = PBXGroup;
			children = (
				AA7C8EC32CDB888D00122196 /* AudioPlayerManagerModel.swift */,
				AA7C8EC52CDBB38800122196 /* AVPlayerManager.swift */,
				AA3098F52CC43CCD003CF32F /* PlayerDurationObserver.swift */,
				AA3098F62CC43CCD003CF32F /* PlayerTimeObserver.swift */,
				AA3098F72CC43CCD003CF32F /* Queue.swift */,
				AA7C8EC12CDADCC300122196 /* AudioPlayerManager.swift */,
			);
			path = PlayerManager;
			sourceTree = "<group>";
		};
		AA42C1F82CD687BB00DDF645 /* Screens */ = {
			isa = PBXGroup;
			children = (
				AA7C8EC92CDBDED400122196 /* Catagory */,
				AA42C20A2CD688FA00DDF645 /* ShowMorePodcast */,
				AA42C2082CD688CF00DDF645 /* PodcastDetails */,
				AA42C2072CD688BB00DDF645 /* Player */,
				AA42C2032CD6887800DDF645 /* Settings */,
				AA42C2022CD6885F00DDF645 /* ExploreSearch */,
				AA42C2002CD6883C00DDF645 /* Explore */,
				AA42C1F92CD687C400DDF645 /* Home */,
			);
			path = Screens;
			sourceTree = "<group>";
		};
		AA42C1F92CD687C400DDF645 /* Home */ = {
			isa = PBXGroup;
			children = (
				AA42C1FB2CD687EC00DDF645 /* DataSource */,
				AA42C1FA2CD687D300DDF645 /* Presentation */,
			);
			path = Home;
			sourceTree = "<group>";
		};
		AA42C1FA2CD687D300DDF645 /* Presentation */ = {
			isa = PBXGroup;
			children = (
				AA42C1FC2CD687F600DDF645 /* HomeView.swift */,
			);
			path = Presentation;
			sourceTree = "<group>";
		};
		AA42C1FB2CD687EC00DDF645 /* DataSource */ = {
			isa = PBXGroup;
			children = (
				AA42C1FE2CD6881700DDF645 /* HomeFeature.swift */,
			);
			path = DataSource;
			sourceTree = "<group>";
		};
		AA42C2002CD6883C00DDF645 /* Explore */ = {
			isa = PBXGroup;
			children = (
				AA42C21E2CD68ADC00DDF645 /* Presentation */,
				AA42C2012CD6884600DDF645 /* DataSource */,
			);
			path = Explore;
			sourceTree = "<group>";
		};
		AA42C2012CD6884600DDF645 /* DataSource */ = {
			isa = PBXGroup;
			children = (
				AA42C21F2CD68AE700DDF645 /* ExploreFeature.swift */,
			);
			path = DataSource;
			sourceTree = "<group>";
		};
		AA42C2022CD6885F00DDF645 /* ExploreSearch */ = {
			isa = PBXGroup;
			children = (
				AA42C21B2CD68A8600DDF645 /* DataSource */,
				AA42C21A2CD68A7C00DDF645 /* Presentation */,
			);
			path = ExploreSearch;
			sourceTree = "<group>";
		};
		AA42C2032CD6887800DDF645 /* Settings */ = {
			isa = PBXGroup;
			children = (
				AA42C1F42CD66E6700DDF645 /* SettingsView.swift */,
			);
			path = Settings;
			sourceTree = "<group>";
		};
		AA42C2042CD6888B00DDF645 /* Managers */ = {
			isa = PBXGroup;
			children = (
				AA7C8ECC2CDBDF3100122196 /* SharedStateManager */,
				AA7C8ECB2CDBDF1F00122196 /* CoreHapticManager */,
				AA7C8ECA2CDBDF0800122196 /* RSSFeedManager */,
				AA1F8E3A2CA8570B009FFC85 /* PodHubManager */,
				AA7DE4D02CA08D3500D51A42 /* PodcastIndexManager */,
				AA7DE4C02C9F1C6600D51A42 /* ItunesManager */,
				AA3098F32CC43CA8003CF32F /* PlayerManager */,
				AA42C2232CD68F2B00DDF645 /* LoggingManager */,
			);
			path = Managers;
			sourceTree = "<group>";
		};
		AA42C2072CD688BB00DDF645 /* Player */ = {
			isa = PBXGroup;
			children = (
				AA42C2192CD68A2600DDF645 /* DataSource */,
				AA42C2182CD68A1E00DDF645 /* Presentation */,
			);
			path = Player;
			sourceTree = "<group>";
		};
		AA42C2082CD688CF00DDF645 /* PodcastDetails */ = {
			isa = PBXGroup;
			children = (
				AA42C2112CD689C100DDF645 /* DataSource */,
				AA42C2102CD689B900DDF645 /* Presentation */,
			);
			path = PodcastDetails;
			sourceTree = "<group>";
		};
		AA42C2092CD688E100DDF645 /* Extensions */ = {
			isa = PBXGroup;
			children = (
				AA7DE4BA2C9F0D5800D51A42 /* View+Extension.swift */,
				AAAFD52F2CD308B5006E2A89 /* String+Extension.swift */,
				AAF16C652CB460720035F9D0 /* RSSFeed+Extension.swift */,
			);
			path = Extensions;
			sourceTree = "<group>";
		};
		AA42C20A2CD688FA00DDF645 /* ShowMorePodcast */ = {
			isa = PBXGroup;
			children = (
				AAF16C682CBAB2550035F9D0 /* ShowMorePodcastView.swift */,
			);
			path = ShowMorePodcast;
			sourceTree = "<group>";
		};
		AA42C20B2CD6892600DDF645 /* Views */ = {
			isa = PBXGroup;
			children = (
				AA7DE4B92C9F0D5800D51A42 /* ListViewHero.swift */,
				AA7DE4B82C9F0D5800D51A42 /* ListViewCell.swift */,
			);
			path = Views;
			sourceTree = "<group>";
		};
		AA42C20F2CD6899600DDF645 /* Other */ = {
			isa = PBXGroup;
			children = (
				AAAFD55D2CD405B8006E2A89 /* AppDelegate.swift */,
				AA7DE4CA2C9F1E0600D51A42 /* InjectionKey.swift */,
				AA7C8EC72CDBDDA600122196 /* Theme.swift */,
			);
			path = Other;
			sourceTree = "<group>";
		};
		AA42C2102CD689B900DDF645 /* Presentation */ = {
			isa = PBXGroup;
			children = (
				AA45496E2CB43A450055890A /* PodcastDetailsView.swift */,
			);
			path = Presentation;
			sourceTree = "<group>";
		};
		AA42C2112CD689C100DDF645 /* DataSource */ = {
			isa = PBXGroup;
			children = (
				AA42C2142CD689E000DDF645 /* PodcastDetailsFeature.swift */,
			);
			path = DataSource;
			sourceTree = "<group>";
		};
		AA42C2182CD68A1E00DDF645 /* Presentation */ = {
			isa = PBXGroup;
			children = (
				AA7DE4CC2C9F724D00D51A42 /* PlayerView.swift */,
			);
			path = Presentation;
			sourceTree = "<group>";
		};
		AA42C2192CD68A2600DDF645 /* DataSource */ = {
			isa = PBXGroup;
			children = (
				AA42C2162CD68A1300DDF645 /* PlayerFeature.swift */,
			);
			path = DataSource;
			sourceTree = "<group>";
		};
		AA42C21A2CD68A7C00DDF645 /* Presentation */ = {
			isa = PBXGroup;
			children = (
				AAFED4322CC8143100A9096D /* ExploreSearchView.swift */,
			);
			path = Presentation;
			sourceTree = "<group>";
		};
		AA42C21B2CD68A8600DDF645 /* DataSource */ = {
			isa = PBXGroup;
			children = (
				AA42C21C2CD68A9700DDF645 /* ExploreSearchFeature.swift */,
			);
			path = DataSource;
			sourceTree = "<group>";
		};
		AA42C21E2CD68ADC00DDF645 /* Presentation */ = {
			isa = PBXGroup;
			children = (
				AAAD22762CA31AAB0064F2C5 /* ExploreView.swift */,
			);
			path = Presentation;
			sourceTree = "<group>";
		};
		AA42C2232CD68F2B00DDF645 /* LoggingManager */ = {
			isa = PBXGroup;
			children = (
				AA42C2212CD68D9A00DDF645 /* Logger.swift */,
			);
			path = LoggingManager;
			sourceTree = "<group>";
		};
		AA7C8EC92CDBDED400122196 /* Catagory */ = {
			isa = PBXGroup;
			children = (
				AA7C8EBF2CDAC6E000122196 /* CategoryDetailsView.swift */,
				AA7C8EBD2CDAC6DB00122196 /* CategoryDetailsFeature.swift */,
			);
			path = Catagory;
			sourceTree = "<group>";
		};
		AA7C8ECA2CDBDF0800122196 /* RSSFeedManager */ = {
			isa = PBXGroup;
			children = (
				AAAFD52D2CD2E4FA006E2A89 /* RSSFeedGeneratorManager.swift */,
				AA7C8EB82CDA41ED00122196 /* RSSFeedGeneratorModel.swift */,
			);
			path = RSSFeedManager;
			sourceTree = "<group>";
		};
		AA7C8ECB2CDBDF1F00122196 /* CoreHapticManager */ = {
			isa = PBXGroup;
			children = (
				AAAFD49C2CCC3B37006E2A89 /* HapticManager.swift */,
			);
			path = CoreHapticManager;
			sourceTree = "<group>";
		};
		AA7C8ECC2CDBDF3100122196 /* SharedStateManager */ = {
			isa = PBXGroup;
			children = (
				AA42C1972CD55C7400DDF645 /* SharedStateFeature.swift */,
			);
			path = SharedStateManager;
			sourceTree = "<group>";
		};
		AA7DE4C02C9F1C6600D51A42 /* ItunesManager */ = {
			isa = PBXGroup;
			children = (
				AA7DE4C82C9F1DA500D51A42 /* ItunesManager.swift */,
				AA7DE4C32C9F1D0800D51A42 /* ItunesModels.swift */,
				AA7DE4C12C9F1C9300D51A42 /* ItunesCallerConstants.swift */,
			);
			path = ItunesManager;
			sourceTree = "<group>";
		};
		AA7DE4D02CA08D3500D51A42 /* PodcastIndexManager */ = {
			isa = PBXGroup;
			children = (
				AA7DE4D32CA08D8900D51A42 /* PodcastIndexManager.swift */,
				AA7DE4D12CA08D4C00D51A42 /* PodcastIndexModel.swift */,
			);
			path = PodcastIndexManager;
			sourceTree = "<group>";
		};
		AA92783A2C8F151C00D5CF6D = {
			isa = PBXGroup;
			children = (
				AA42C1F62CD67F9C00DDF645 /* Settings.bundle */,
				AA9278452C8F151C00D5CF6D /* podcast-ios */,
				AA9278442C8F151C00D5CF6D /* Products */,
			);
			sourceTree = "<group>";
		};
		AA9278442C8F151C00D5CF6D /* Products */ = {
			isa = PBXGroup;
			children = (
				AA9278432C8F151C00D5CF6D /* podcast-ios.app */,
			);
			name = Products;
			sourceTree = "<group>";
		};
		AA9278452C8F151C00D5CF6D /* podcast-ios */ = {
			isa = PBXGroup;
			children = (
				AA42C20F2CD6899600DDF645 /* Other */,
				AA42C20C2CD6895B00DDF645 /* RootModule.swift */,
				AA42C20B2CD6892600DDF645 /* Views */,
				AA42C2092CD688E100DDF645 /* Extensions */,
				AA42C2042CD6888B00DDF645 /* Managers */,
				AA42C1F82CD687BB00DDF645 /* Screens */,
				AAF16C672CB5D4F00035F9D0 /* Info.plist */,
				AA92784A2C8F151D00D5CF6D /* Assets.xcassets */,
				AA92784C2C8F151D00D5CF6D /* Preview Content */,
				AA7DE4D92CA090A400D51A42 /* PodcastIndexKey.pl */,
			);
			path = "podcast-ios";
			sourceTree = "<group>";
		};
		AA92784C2C8F151D00D5CF6D /* Preview Content */ = {
			isa = PBXGroup;
			children = (
				AA92784D2C8F151D00D5CF6D /* Preview Assets.xcassets */,
			);
			path = "Preview Content";
			sourceTree = "<group>";
		};
/* End PBXGroup section */

/* Begin PBXNativeTarget section */
		AA9278422C8F151C00D5CF6D /* podcast-ios */ = {
			isa = PBXNativeTarget;
			buildConfigurationList = AA9278512C8F151D00D5CF6D /* Build configuration list for PBXNativeTarget "podcast-ios" */;
			buildPhases = (
				AA92783F2C8F151C00D5CF6D /* Sources */,
				AA9278402C8F151C00D5CF6D /* Frameworks */,
				AA9278412C8F151C00D5CF6D /* Resources */,
				AAF16E0B2CC2E93B0035F9D0 /* ShellScript */,
			);
			buildRules = (
			);
			dependencies = (
			);
			name = "podcast-ios";
			packageProductDependencies = (
				AA9278552C8F155C00D5CF6D /* ComposableArchitecture */,
				AA7DE4C62C9F1D4D00D51A42 /* SwiftyJSON */,
				AAFED4382CC9AE0F00A9096D /* Cache */,
				AAAFD55B2CD40228006E2A89 /* Kingfisher */,
				AA61A6BA2CD984DB00095FE0 /* Alamofire */,
				AA7C8EBB2CDA4AB400122196 /* FeedKit */,
			);
			productName = "podcast-ios";
			productReference = AA9278432C8F151C00D5CF6D /* podcast-ios.app */;
			productType = "com.apple.product-type.application";
		};
/* End PBXNativeTarget section */

/* Begin PBXProject section */
		AA92783B2C8F151C00D5CF6D /* Project object */ = {
			isa = PBXProject;
			attributes = {
				BuildIndependentTargetsInParallel = 1;
				LastSwiftUpdateCheck = 1540;
				LastUpgradeCheck = 1540;
				TargetAttributes = {
					AA9278422C8F151C00D5CF6D = {
						CreatedOnToolsVersion = 15.4;
					};
				};
			};
			buildConfigurationList = AA92783E2C8F151C00D5CF6D /* Build configuration list for PBXProject "podcast-ios" */;
			compatibilityVersion = "Xcode 14.0";
			developmentRegion = en;
			hasScannedForEncodings = 0;
			knownRegions = (
				en,
				Base,
			);
			mainGroup = AA92783A2C8F151C00D5CF6D;
			packageReferences = (
				AA9278542C8F155C00D5CF6D /* XCRemoteSwiftPackageReference "swift-composable-architecture" */,
				AA7DE4C52C9F1D4D00D51A42 /* XCRemoteSwiftPackageReference "SwiftyJSON" */,
				AAFED4372CC9AE0F00A9096D /* XCRemoteSwiftPackageReference "Cache" */,
				AAAFD55A2CD40228006E2A89 /* XCRemoteSwiftPackageReference "Kingfisher" */,
				AA61A6B92CD984DB00095FE0 /* XCRemoteSwiftPackageReference "Alamofire" */,
				AA7C8EBA2CDA4AB400122196 /* XCRemoteSwiftPackageReference "FeedKit" */,
			);
			productRefGroup = AA9278442C8F151C00D5CF6D /* Products */;
			projectDirPath = "";
			projectRoot = "";
			targets = (
				AA9278422C8F151C00D5CF6D /* podcast-ios */,
			);
		};
/* End PBXProject section */

/* Begin PBXResourcesBuildPhase section */
		AA9278412C8F151C00D5CF6D /* Resources */ = {
			isa = PBXResourcesBuildPhase;
			buildActionMask = 2147483647;
			files = (
				AA42C1F72CD67F9C00DDF645 /* Settings.bundle in Resources */,
				AA7DE4DA2CA090A400D51A42 /* PodcastIndexKey.pl in Resources */,
				AA92784E2C8F151D00D5CF6D /* Preview Assets.xcassets in Resources */,
				AA92784B2C8F151D00D5CF6D /* Assets.xcassets in Resources */,
			);
			runOnlyForDeploymentPostprocessing = 0;
		};
/* End PBXResourcesBuildPhase section */

/* Begin PBXShellScriptBuildPhase section */
		AAF16E0B2CC2E93B0035F9D0 /* ShellScript */ = {
			isa = PBXShellScriptBuildPhase;
			buildActionMask = 2147483647;
			files = (
			);
			inputFileListPaths = (
			);
			inputPaths = (
			);
			outputFileListPaths = (
			);
			outputPaths = (
			);
			runOnlyForDeploymentPostprocessing = 0;
			shellPath = /bin/sh;
			shellScript = "# Type a script or drag a script file from your workspace to insert its path.\nif command -v swiftlint >/dev/null 2>&1\nthen\n    swiftlint\nelse\n    echo \"warning: `swiftlint` command not found - See https://github.com/realm/SwiftLint#installation for installation instructions.\"\nfi\n";
		};
/* End PBXShellScriptBuildPhase section */

/* Begin PBXSourcesBuildPhase section */
		AA92783F2C8F151C00D5CF6D /* Sources */ = {
			isa = PBXSourcesBuildPhase;
			buildActionMask = 2147483647;
			files = (
				AAAD22772CA31AAB0064F2C5 /* ExploreView.swift in Sources */,
				AA7C8EBE2CDAC6DD00122196 /* CategoryDetailsFeature.swift in Sources */,
				AA7DE4C22C9F1C9600D51A42 /* ItunesCallerConstants.swift in Sources */,
				AAF16C662CB460750035F9D0 /* RSSFeed+Extension.swift in Sources */,
				AA42C1FD2CD687F900DDF645 /* HomeView.swift in Sources */,
				AA7C8EC42CDB889500122196 /* AudioPlayerManagerModel.swift in Sources */,
				AAFED4332CC8143800A9096D /* ExploreSearchView.swift in Sources */,
				AA42C21D2CD68A9800DDF645 /* ExploreSearchFeature.swift in Sources */,
				AA7DE4C92C9F1DA800D51A42 /* ItunesManager.swift in Sources */,
				AA1F8E3C2CA8572C009FFC85 /* PodHubModel.swift in Sources */,
				AA42C2172CD68A1B00DDF645 /* PlayerFeature.swift in Sources */,
				AAAFD5302CD308BB006E2A89 /* String+Extension.swift in Sources */,
				AAAFD52E2CD2E505006E2A89 /* RSSFeedGeneratorManager.swift in Sources */,
				AAF16C692CBAB2840035F9D0 /* ShowMorePodcastView.swift in Sources */,
				AA7DE4CD2C9F725200D51A42 /* PlayerView.swift in Sources */,
				AA42C1982CD55C7E00DDF645 /* SharedStateFeature.swift in Sources */,
				AA42C2202CD68AEF00DDF645 /* ExploreFeature.swift in Sources */,
				AA42C20D2CD6895C00DDF645 /* RootModule.swift in Sources */,
				AA7C8EC02CDAC6E400122196 /* CategoryDetailsView.swift in Sources */,
				AA7DE4D22CA08D4F00D51A42 /* PodcastIndexModel.swift in Sources */,
				AAAFD49D2CCC3B3E006E2A89 /* HapticManager.swift in Sources */,
				AA3098F92CC43CCD003CF32F /* PlayerTimeObserver.swift in Sources */,
				AA7C8EC22CDADCCB00122196 /* AudioPlayerManager.swift in Sources */,
				AA3098FA2CC43CCD003CF32F /* Queue.swift in Sources */,
				AA7C8EC62CDBB39000122196 /* AVPlayerManager.swift in Sources */,
				AA3098FB2CC43CCD003CF32F /* PlayerDurationObserver.swift in Sources */,
				AA42C1F52CD66E6D00DDF645 /* SettingsView.swift in Sources */,
				AA42C2152CD689E200DDF645 /* PodcastDetailsFeature.swift in Sources */,
				AA7DE4C42C9F1D0D00D51A42 /* ItunesModels.swift in Sources */,
				AA42C2222CD68D9D00DDF645 /* Logger.swift in Sources */,
				AA7DE4BC2C9F0D5800D51A42 /* View+Extension.swift in Sources */,
				AA7DE4BD2C9F0D5800D51A42 /* ListViewCell.swift in Sources */,
				AA1F8E3E2CA8573E009FFC85 /* PodHubManager.swift in Sources */,
				AAAFD55E2CD405BA006E2A89 /* AppDelegate.swift in Sources */,
				AA45496F2CB43A5C0055890A /* PodcastDetailsView.swift in Sources */,
				AA7DE4D42CA08D8D00D51A42 /* PodcastIndexManager.swift in Sources */,
				AA7C8EC82CDBDDAA00122196 /* Theme.swift in Sources */,
				AA7C8EB92CDA420600122196 /* RSSFeedGeneratorModel.swift in Sources */,
				AA7DE4BE2C9F0D5800D51A42 /* ListViewHero.swift in Sources */,
				AA7DE4CB2C9F1E0A00D51A42 /* InjectionKey.swift in Sources */,
				AA42C1FF2CD6881F00DDF645 /* HomeFeature.swift in Sources */,
			);
			runOnlyForDeploymentPostprocessing = 0;
		};
/* End PBXSourcesBuildPhase section */

/* Begin XCBuildConfiguration section */
		AA92784F2C8F151D00D5CF6D /* Debug */ = {
			isa = XCBuildConfiguration;
			buildSettings = {
				ALWAYS_SEARCH_USER_PATHS = NO;
				ASSETCATALOG_COMPILER_GENERATE_SWIFT_ASSET_SYMBOL_EXTENSIONS = YES;
				CLANG_ANALYZER_NONNULL = YES;
				CLANG_ANALYZER_NUMBER_OBJECT_CONVERSION = YES_AGGRESSIVE;
				CLANG_CXX_LANGUAGE_STANDARD = "gnu++20";
				CLANG_ENABLE_MODULES = YES;
				CLANG_ENABLE_OBJC_ARC = YES;
				CLANG_ENABLE_OBJC_WEAK = YES;
				CLANG_WARN_BLOCK_CAPTURE_AUTORELEASING = YES;
				CLANG_WARN_BOOL_CONVERSION = YES;
				CLANG_WARN_COMMA = YES;
				CLANG_WARN_CONSTANT_CONVERSION = YES;
				CLANG_WARN_DEPRECATED_OBJC_IMPLEMENTATIONS = YES;
				CLANG_WARN_DIRECT_OBJC_ISA_USAGE = YES_ERROR;
				CLANG_WARN_DOCUMENTATION_COMMENTS = YES;
				CLANG_WARN_EMPTY_BODY = YES;
				CLANG_WARN_ENUM_CONVERSION = YES;
				CLANG_WARN_INFINITE_RECURSION = YES;
				CLANG_WARN_INT_CONVERSION = YES;
				CLANG_WARN_NON_LITERAL_NULL_CONVERSION = YES;
				CLANG_WARN_OBJC_IMPLICIT_RETAIN_SELF = YES;
				CLANG_WARN_OBJC_LITERAL_CONVERSION = YES;
				CLANG_WARN_OBJC_ROOT_CLASS = YES_ERROR;
				CLANG_WARN_QUOTED_INCLUDE_IN_FRAMEWORK_HEADER = YES;
				CLANG_WARN_RANGE_LOOP_ANALYSIS = YES;
				CLANG_WARN_STRICT_PROTOTYPES = YES;
				CLANG_WARN_SUSPICIOUS_MOVE = YES;
				CLANG_WARN_UNGUARDED_AVAILABILITY = YES_AGGRESSIVE;
				CLANG_WARN_UNREACHABLE_CODE = YES;
				CLANG_WARN__DUPLICATE_METHOD_MATCH = YES;
				COPY_PHASE_STRIP = NO;
				DEBUG_INFORMATION_FORMAT = dwarf;
				ENABLE_STRICT_OBJC_MSGSEND = YES;
				ENABLE_TESTABILITY = YES;
				ENABLE_USER_SCRIPT_SANDBOXING = YES;
				GCC_C_LANGUAGE_STANDARD = gnu17;
				GCC_DYNAMIC_NO_PIC = NO;
				GCC_NO_COMMON_BLOCKS = YES;
				GCC_OPTIMIZATION_LEVEL = 0;
				GCC_PREPROCESSOR_DEFINITIONS = (
					"DEBUG=1",
					"$(inherited)",
				);
				GCC_WARN_64_TO_32_BIT_CONVERSION = YES;
				GCC_WARN_ABOUT_RETURN_TYPE = YES_ERROR;
				GCC_WARN_UNDECLARED_SELECTOR = YES;
				GCC_WARN_UNINITIALIZED_AUTOS = YES_AGGRESSIVE;
				GCC_WARN_UNUSED_FUNCTION = YES;
				GCC_WARN_UNUSED_VARIABLE = YES;
				IPHONEOS_DEPLOYMENT_TARGET = 17.5;
				LOCALIZATION_PREFERS_STRING_CATALOGS = YES;
				MTL_ENABLE_DEBUG_INFO = INCLUDE_SOURCE;
				MTL_FAST_MATH = YES;
				ONLY_ACTIVE_ARCH = YES;
				SDKROOT = iphoneos;
				SWIFT_ACTIVE_COMPILATION_CONDITIONS = "DEBUG $(inherited)";
				SWIFT_OPTIMIZATION_LEVEL = "-Onone";
			};
			name = Debug;
		};
		AA9278502C8F151D00D5CF6D /* Release */ = {
			isa = XCBuildConfiguration;
			buildSettings = {
				ALWAYS_SEARCH_USER_PATHS = NO;
				ASSETCATALOG_COMPILER_GENERATE_SWIFT_ASSET_SYMBOL_EXTENSIONS = YES;
				CLANG_ANALYZER_NONNULL = YES;
				CLANG_ANALYZER_NUMBER_OBJECT_CONVERSION = YES_AGGRESSIVE;
				CLANG_CXX_LANGUAGE_STANDARD = "gnu++20";
				CLANG_ENABLE_MODULES = YES;
				CLANG_ENABLE_OBJC_ARC = YES;
				CLANG_ENABLE_OBJC_WEAK = YES;
				CLANG_WARN_BLOCK_CAPTURE_AUTORELEASING = YES;
				CLANG_WARN_BOOL_CONVERSION = YES;
				CLANG_WARN_COMMA = YES;
				CLANG_WARN_CONSTANT_CONVERSION = YES;
				CLANG_WARN_DEPRECATED_OBJC_IMPLEMENTATIONS = YES;
				CLANG_WARN_DIRECT_OBJC_ISA_USAGE = YES_ERROR;
				CLANG_WARN_DOCUMENTATION_COMMENTS = YES;
				CLANG_WARN_EMPTY_BODY = YES;
				CLANG_WARN_ENUM_CONVERSION = YES;
				CLANG_WARN_INFINITE_RECURSION = YES;
				CLANG_WARN_INT_CONVERSION = YES;
				CLANG_WARN_NON_LITERAL_NULL_CONVERSION = YES;
				CLANG_WARN_OBJC_IMPLICIT_RETAIN_SELF = YES;
				CLANG_WARN_OBJC_LITERAL_CONVERSION = YES;
				CLANG_WARN_OBJC_ROOT_CLASS = YES_ERROR;
				CLANG_WARN_QUOTED_INCLUDE_IN_FRAMEWORK_HEADER = YES;
				CLANG_WARN_RANGE_LOOP_ANALYSIS = YES;
				CLANG_WARN_STRICT_PROTOTYPES = YES;
				CLANG_WARN_SUSPICIOUS_MOVE = YES;
				CLANG_WARN_UNGUARDED_AVAILABILITY = YES_AGGRESSIVE;
				CLANG_WARN_UNREACHABLE_CODE = YES;
				CLANG_WARN__DUPLICATE_METHOD_MATCH = YES;
				COPY_PHASE_STRIP = NO;
				DEBUG_INFORMATION_FORMAT = "dwarf-with-dsym";
				ENABLE_NS_ASSERTIONS = NO;
				ENABLE_STRICT_OBJC_MSGSEND = YES;
				ENABLE_USER_SCRIPT_SANDBOXING = YES;
				GCC_C_LANGUAGE_STANDARD = gnu17;
				GCC_NO_COMMON_BLOCKS = YES;
				GCC_WARN_64_TO_32_BIT_CONVERSION = YES;
				GCC_WARN_ABOUT_RETURN_TYPE = YES_ERROR;
				GCC_WARN_UNDECLARED_SELECTOR = YES;
				GCC_WARN_UNINITIALIZED_AUTOS = YES_AGGRESSIVE;
				GCC_WARN_UNUSED_FUNCTION = YES;
				GCC_WARN_UNUSED_VARIABLE = YES;
				IPHONEOS_DEPLOYMENT_TARGET = 17.5;
				LOCALIZATION_PREFERS_STRING_CATALOGS = YES;
				MTL_ENABLE_DEBUG_INFO = NO;
				MTL_FAST_MATH = YES;
				SDKROOT = iphoneos;
				SWIFT_COMPILATION_MODE = wholemodule;
				VALIDATE_PRODUCT = YES;
			};
			name = Release;
		};
		AA9278522C8F151D00D5CF6D /* Debug */ = {
			isa = XCBuildConfiguration;
			buildSettings = {
				ASSETCATALOG_COMPILER_APPICON_NAME = AppIcon;
				ASSETCATALOG_COMPILER_GLOBAL_ACCENT_COLOR_NAME = AccentColor;
				CODE_SIGN_STYLE = Automatic;
				CURRENT_PROJECT_VERSION = 1;
				DEVELOPMENT_ASSET_PATHS = "\"podcast-ios/Preview Content\"";
				DEVELOPMENT_TEAM = Q3584JB8R5;
				ENABLE_PREVIEWS = YES;
				ENABLE_USER_SCRIPT_SANDBOXING = NO;
				GENERATE_INFOPLIST_FILE = YES;
				INFOPLIST_FILE = "podcast-ios/Info.plist";
				INFOPLIST_KEY_UIApplicationSceneManifest_Generation = YES;
				INFOPLIST_KEY_UIApplicationSupportsIndirectInputEvents = YES;
				INFOPLIST_KEY_UILaunchScreen_Generation = YES;
				INFOPLIST_KEY_UISupportedInterfaceOrientations = UIInterfaceOrientationPortrait;
				INFOPLIST_KEY_UISupportedInterfaceOrientations_iPad = "UIInterfaceOrientationPortrait UIInterfaceOrientationPortraitUpsideDown";
				LD_RUNPATH_SEARCH_PATHS = (
					"$(inherited)",
					"@executable_path/Frameworks",
				);
				MARKETING_VERSION = 1.0;
				PRODUCT_BUNDLE_IDENTIFIER = "com.atwsmf.podcast-ios";
				PRODUCT_NAME = "$(TARGET_NAME)";
				SUPPORTED_PLATFORMS = "iphoneos iphonesimulator";
				SUPPORTS_MACCATALYST = NO;
				SUPPORTS_MAC_DESIGNED_FOR_IPHONE_IPAD = NO;
				SUPPORTS_XR_DESIGNED_FOR_IPHONE_IPAD = NO;
				SWIFT_EMIT_LOC_STRINGS = YES;
				SWIFT_STRICT_CONCURRENCY = complete;
				SWIFT_VERSION = 5.0;
				TARGETED_DEVICE_FAMILY = 1;
			};
			name = Debug;
		};
		AA9278532C8F151D00D5CF6D /* Release */ = {
			isa = XCBuildConfiguration;
			buildSettings = {
				ASSETCATALOG_COMPILER_APPICON_NAME = AppIcon;
				ASSETCATALOG_COMPILER_GLOBAL_ACCENT_COLOR_NAME = AccentColor;
				CODE_SIGN_STYLE = Automatic;
				CURRENT_PROJECT_VERSION = 1;
				DEVELOPMENT_ASSET_PATHS = "\"podcast-ios/Preview Content\"";
				DEVELOPMENT_TEAM = Q3584JB8R5;
				ENABLE_PREVIEWS = YES;
				ENABLE_USER_SCRIPT_SANDBOXING = NO;
				GENERATE_INFOPLIST_FILE = YES;
				INFOPLIST_FILE = "podcast-ios/Info.plist";
				INFOPLIST_KEY_UIApplicationSceneManifest_Generation = YES;
				INFOPLIST_KEY_UIApplicationSupportsIndirectInputEvents = YES;
				INFOPLIST_KEY_UILaunchScreen_Generation = YES;
				INFOPLIST_KEY_UISupportedInterfaceOrientations = UIInterfaceOrientationPortrait;
				INFOPLIST_KEY_UISupportedInterfaceOrientations_iPad = "UIInterfaceOrientationPortrait UIInterfaceOrientationPortraitUpsideDown";
				LD_RUNPATH_SEARCH_PATHS = (
					"$(inherited)",
					"@executable_path/Frameworks",
				);
				MARKETING_VERSION = 1.0;
				PRODUCT_BUNDLE_IDENTIFIER = "com.atwsmf.podcast-ios";
				PRODUCT_NAME = "$(TARGET_NAME)";
				SUPPORTED_PLATFORMS = "iphoneos iphonesimulator";
				SUPPORTS_MACCATALYST = NO;
				SUPPORTS_MAC_DESIGNED_FOR_IPHONE_IPAD = NO;
				SUPPORTS_XR_DESIGNED_FOR_IPHONE_IPAD = NO;
				SWIFT_EMIT_LOC_STRINGS = YES;
				SWIFT_STRICT_CONCURRENCY = complete;
				SWIFT_VERSION = 5.0;
				TARGETED_DEVICE_FAMILY = 1;
			};
			name = Release;
		};
/* End XCBuildConfiguration section */

/* Begin XCConfigurationList section */
		AA92783E2C8F151C00D5CF6D /* Build configuration list for PBXProject "podcast-ios" */ = {
			isa = XCConfigurationList;
			buildConfigurations = (
				AA92784F2C8F151D00D5CF6D /* Debug */,
				AA9278502C8F151D00D5CF6D /* Release */,
			);
			defaultConfigurationIsVisible = 0;
			defaultConfigurationName = Release;
		};
		AA9278512C8F151D00D5CF6D /* Build configuration list for PBXNativeTarget "podcast-ios" */ = {
			isa = XCConfigurationList;
			buildConfigurations = (
				AA9278522C8F151D00D5CF6D /* Debug */,
				AA9278532C8F151D00D5CF6D /* Release */,
			);
			defaultConfigurationIsVisible = 0;
			defaultConfigurationName = Release;
		};
/* End XCConfigurationList section */

/* Begin XCRemoteSwiftPackageReference section */
		AA61A6B92CD984DB00095FE0 /* XCRemoteSwiftPackageReference "Alamofire" */ = {
			isa = XCRemoteSwiftPackageReference;
			repositoryURL = "https://github.com/Alamofire/Alamofire.git";
			requirement = {
				kind = upToNextMajorVersion;
				minimumVersion = 5.10.1;
			};
		};
		AA7C8EBA2CDA4AB400122196 /* XCRemoteSwiftPackageReference "FeedKit" */ = {
			isa = XCRemoteSwiftPackageReference;
			repositoryURL = "https://github.com/nmdias/FeedKit.git";
			requirement = {
				kind = upToNextMajorVersion;
				minimumVersion = 9.1.2;
			};
		};
		AA7DE4C52C9F1D4D00D51A42 /* XCRemoteSwiftPackageReference "SwiftyJSON" */ = {
			isa = XCRemoteSwiftPackageReference;
			repositoryURL = "https://github.com/SwiftyJSON/SwiftyJSON.git";
			requirement = {
				kind = upToNextMajorVersion;
				minimumVersion = 5.0.2;
			};
		};
		AA9278542C8F155C00D5CF6D /* XCRemoteSwiftPackageReference "swift-composable-architecture" */ = {
			isa = XCRemoteSwiftPackageReference;
			repositoryURL = "https://github.com/pointfreeco/swift-composable-architecture.git";
			requirement = {
				kind = upToNextMajorVersion;
				minimumVersion = 1.15.2;
			};
		};
		AAAFD55A2CD40228006E2A89 /* XCRemoteSwiftPackageReference "Kingfisher" */ = {
			isa = XCRemoteSwiftPackageReference;
			repositoryURL = "https://github.com/onevcat/Kingfisher.git";
			requirement = {
				kind = upToNextMajorVersion;
				minimumVersion = 8.1.0;
			};
		};
		AAFED4372CC9AE0F00A9096D /* XCRemoteSwiftPackageReference "Cache" */ = {
			isa = XCRemoteSwiftPackageReference;
			repositoryURL = "https://github.com/hyperoslo/Cache.git";
			requirement = {
				kind = upToNextMajorVersion;
				minimumVersion = 7.4.0;
			};
		};
/* End XCRemoteSwiftPackageReference section */

/* Begin XCSwiftPackageProductDependency section */
		AA61A6BA2CD984DB00095FE0 /* Alamofire */ = {
			isa = XCSwiftPackageProductDependency;
			package = AA61A6B92CD984DB00095FE0 /* XCRemoteSwiftPackageReference "Alamofire" */;
			productName = Alamofire;
		};
		AA7C8EBB2CDA4AB400122196 /* FeedKit */ = {
			isa = XCSwiftPackageProductDependency;
			package = AA7C8EBA2CDA4AB400122196 /* XCRemoteSwiftPackageReference "FeedKit" */;
			productName = FeedKit;
		};
		AA7DE4C62C9F1D4D00D51A42 /* SwiftyJSON */ = {
			isa = XCSwiftPackageProductDependency;
			package = AA7DE4C52C9F1D4D00D51A42 /* XCRemoteSwiftPackageReference "SwiftyJSON" */;
			productName = SwiftyJSON;
		};
		AA9278552C8F155C00D5CF6D /* ComposableArchitecture */ = {
			isa = XCSwiftPackageProductDependency;
			package = AA9278542C8F155C00D5CF6D /* XCRemoteSwiftPackageReference "swift-composable-architecture" */;
			productName = ComposableArchitecture;
		};
		AAAFD55B2CD40228006E2A89 /* Kingfisher */ = {
			isa = XCSwiftPackageProductDependency;
			package = AAAFD55A2CD40228006E2A89 /* XCRemoteSwiftPackageReference "Kingfisher" */;
			productName = Kingfisher;
		};
		AAFED4382CC9AE0F00A9096D /* Cache */ = {
			isa = XCSwiftPackageProductDependency;
			package = AAFED4372CC9AE0F00A9096D /* XCRemoteSwiftPackageReference "Cache" */;
			productName = Cache;
		};
/* End XCSwiftPackageProductDependency section */
	};
	rootObject = AA92783B2C8F151C00D5CF6D /* Project object */;
}
