// !$*UTF8*$!
{
	archiveVersion = 1;
	classes = {
	};
	objectVersion = 56;
	objects = {

/* Begin PBXBuildFile section */
		AA1798452CCBD702008B57AB /* CachedAsyncImage in Frameworks */ = {isa = PBXBuildFile; productRef = AA1798442CCBD702008B57AB /* CachedAsyncImage */; };
		AA1F8E3C2CA8572C009FFC85 /* PodHubModel.swift in Sources */ = {isa = PBXBuildFile; fileRef = AA1F8E3B2CA8571F009FFC85 /* PodHubModel.swift */; };
		AA1F8E3E2CA8573E009FFC85 /* PodHubManager.swift in Sources */ = {isa = PBXBuildFile; fileRef = AA1F8E3D2CA85737009FFC85 /* PodHubManager.swift */; };
		AA3098F82CC43CCD003CF32F /* AudioPlayer.swift in Sources */ = {isa = PBXBuildFile; fileRef = AA3098F42CC43CCD003CF32F /* AudioPlayer.swift */; };
		AA3098F92CC43CCD003CF32F /* PlayerTimeObserver.swift in Sources */ = {isa = PBXBuildFile; fileRef = AA3098F62CC43CCD003CF32F /* PlayerTimeObserver.swift */; };
		AA3098FA2CC43CCD003CF32F /* Queue.swift in Sources */ = {isa = PBXBuildFile; fileRef = AA3098F72CC43CCD003CF32F /* Queue.swift */; };
		AA3098FB2CC43CCD003CF32F /* PlayerDurationObserver.swift in Sources */ = {isa = PBXBuildFile; fileRef = AA3098F52CC43CCD003CF32F /* PlayerDurationObserver.swift */; };
		AA45496F2CB43A5C0055890A /* PodcastDetailsView.swift in Sources */ = {isa = PBXBuildFile; fileRef = AA45496E2CB43A450055890A /* PodcastDetailsView.swift */; };
		AA7DE4BB2C9F0D5800D51A42 /* HomeView.swift in Sources */ = {isa = PBXBuildFile; fileRef = AA7DE4B72C9F0D5800D51A42 /* HomeView.swift */; };
		AA7DE4BC2C9F0D5800D51A42 /* View+Extension.swift in Sources */ = {isa = PBXBuildFile; fileRef = AA7DE4BA2C9F0D5800D51A42 /* View+Extension.swift */; };
		AA7DE4BD2C9F0D5800D51A42 /* ListViewCell.swift in Sources */ = {isa = PBXBuildFile; fileRef = AA7DE4B82C9F0D5800D51A42 /* ListViewCell.swift */; };
		AA7DE4BE2C9F0D5800D51A42 /* ListViewHero.swift in Sources */ = {isa = PBXBuildFile; fileRef = AA7DE4B92C9F0D5800D51A42 /* ListViewHero.swift */; };
		AA7DE4C22C9F1C9600D51A42 /* ItunesCallerConstants.swift in Sources */ = {isa = PBXBuildFile; fileRef = AA7DE4C12C9F1C9300D51A42 /* ItunesCallerConstants.swift */; };
		AA7DE4C42C9F1D0D00D51A42 /* ItunesModels.swift in Sources */ = {isa = PBXBuildFile; fileRef = AA7DE4C32C9F1D0800D51A42 /* ItunesModels.swift */; };
		AA7DE4C72C9F1D4D00D51A42 /* SwiftyJSON in Frameworks */ = {isa = PBXBuildFile; productRef = AA7DE4C62C9F1D4D00D51A42 /* SwiftyJSON */; };
		AA7DE4C92C9F1DA800D51A42 /* ItunesManager.swift in Sources */ = {isa = PBXBuildFile; fileRef = AA7DE4C82C9F1DA500D51A42 /* ItunesManager.swift */; };
		AA7DE4CB2C9F1E0A00D51A42 /* InjectionKey.swift in Sources */ = {isa = PBXBuildFile; fileRef = AA7DE4CA2C9F1E0600D51A42 /* InjectionKey.swift */; };
		AA7DE4CD2C9F725200D51A42 /* PlayerView.swift in Sources */ = {isa = PBXBuildFile; fileRef = AA7DE4CC2C9F724D00D51A42 /* PlayerView.swift */; };
		AA7DE4D22CA08D4F00D51A42 /* PodcastIndexModel.swift in Sources */ = {isa = PBXBuildFile; fileRef = AA7DE4D12CA08D4C00D51A42 /* PodcastIndexModel.swift */; };
		AA7DE4D42CA08D8D00D51A42 /* PodcastIndexManager.swift in Sources */ = {isa = PBXBuildFile; fileRef = AA7DE4D32CA08D8900D51A42 /* PodcastIndexManager.swift */; };
		AA7DE4DA2CA090A400D51A42 /* PodcastIndexKey.pl in Resources */ = {isa = PBXBuildFile; fileRef = AA7DE4D92CA090A400D51A42 /* PodcastIndexKey.pl */; };
		AA9278472C8F151C00D5CF6D /* PodcastContentView.swift in Sources */ = {isa = PBXBuildFile; fileRef = AA9278462C8F151C00D5CF6D /* PodcastContentView.swift */; };
		AA92784B2C8F151D00D5CF6D /* Assets.xcassets in Resources */ = {isa = PBXBuildFile; fileRef = AA92784A2C8F151D00D5CF6D /* Assets.xcassets */; };
		AA92784E2C8F151D00D5CF6D /* Preview Assets.xcassets in Resources */ = {isa = PBXBuildFile; fileRef = AA92784D2C8F151D00D5CF6D /* Preview Assets.xcassets */; };
		AA9278562C8F155C00D5CF6D /* ComposableArchitecture in Frameworks */ = {isa = PBXBuildFile; productRef = AA9278552C8F155C00D5CF6D /* ComposableArchitecture */; };
		AAAD22772CA31AAB0064F2C5 /* ExploreView.swift in Sources */ = {isa = PBXBuildFile; fileRef = AAAD22762CA31AAB0064F2C5 /* ExploreView.swift */; };
		AAAFD49D2CCC3B3E006E2A89 /* HapticManager.swift in Sources */ = {isa = PBXBuildFile; fileRef = AAAFD49C2CCC3B37006E2A89 /* HapticManager.swift */; };
		AAAFD49F2CCC456C006E2A89 /* SharedStateFileStorage.swift in Sources */ = {isa = PBXBuildFile; fileRef = AAAFD49E2CCC456B006E2A89 /* SharedStateFileStorage.swift */; };
		AAF16C642CB440690035F9D0 /* FeedKit in Frameworks */ = {isa = PBXBuildFile; productRef = AAF16C632CB440690035F9D0 /* FeedKit */; };
		AAF16C662CB460750035F9D0 /* RSSFeed+Extension.swift in Sources */ = {isa = PBXBuildFile; fileRef = AAF16C652CB460720035F9D0 /* RSSFeed+Extension.swift */; };
		AAF16C692CBAB2840035F9D0 /* ShowMorePodcastView.swift in Sources */ = {isa = PBXBuildFile; fileRef = AAF16C682CBAB2550035F9D0 /* ShowMorePodcastView.swift */; };
		AAF16C6C2CBACF900035F9D0 /* SliderControl in Frameworks */ = {isa = PBXBuildFile; productRef = AAF16C6B2CBACF900035F9D0 /* SliderControl */; };
		AAFED4332CC8143800A9096D /* ExploreSearchView.swift in Sources */ = {isa = PBXBuildFile; fileRef = AAFED4322CC8143100A9096D /* ExploreSearchView.swift */; };
		AAFED4362CC90EE700A9096D /* CachingPlayerItem in Frameworks */ = {isa = PBXBuildFile; productRef = AAFED4352CC90EE700A9096D /* CachingPlayerItem */; };
		AAFED4392CC9AE0F00A9096D /* Cache in Frameworks */ = {isa = PBXBuildFile; productRef = AAFED4382CC9AE0F00A9096D /* Cache */; };
/* End PBXBuildFile section */

/* Begin PBXFileReference section */
		AA1F8E3B2CA8571F009FFC85 /* PodHubModel.swift */ = {isa = PBXFileReference; lastKnownFileType = sourcecode.swift; path = PodHubModel.swift; sourceTree = "<group>"; };
		AA1F8E3D2CA85737009FFC85 /* PodHubManager.swift */ = {isa = PBXFileReference; lastKnownFileType = sourcecode.swift; path = PodHubManager.swift; sourceTree = "<group>"; };
		AA3098F42CC43CCD003CF32F /* AudioPlayer.swift */ = {isa = PBXFileReference; lastKnownFileType = sourcecode.swift; path = AudioPlayer.swift; sourceTree = "<group>"; };
		AA3098F52CC43CCD003CF32F /* PlayerDurationObserver.swift */ = {isa = PBXFileReference; lastKnownFileType = sourcecode.swift; path = PlayerDurationObserver.swift; sourceTree = "<group>"; };
		AA3098F62CC43CCD003CF32F /* PlayerTimeObserver.swift */ = {isa = PBXFileReference; lastKnownFileType = sourcecode.swift; path = PlayerTimeObserver.swift; sourceTree = "<group>"; };
		AA3098F72CC43CCD003CF32F /* Queue.swift */ = {isa = PBXFileReference; lastKnownFileType = sourcecode.swift; path = Queue.swift; sourceTree = "<group>"; };
		AA45496E2CB43A450055890A /* PodcastDetailsView.swift */ = {isa = PBXFileReference; lastKnownFileType = sourcecode.swift; path = PodcastDetailsView.swift; sourceTree = "<group>"; };
		AA7DE4B72C9F0D5800D51A42 /* HomeView.swift */ = {isa = PBXFileReference; lastKnownFileType = sourcecode.swift; path = HomeView.swift; sourceTree = "<group>"; };
		AA7DE4B82C9F0D5800D51A42 /* ListViewCell.swift */ = {isa = PBXFileReference; lastKnownFileType = sourcecode.swift; path = ListViewCell.swift; sourceTree = "<group>"; };
		AA7DE4B92C9F0D5800D51A42 /* ListViewHero.swift */ = {isa = PBXFileReference; lastKnownFileType = sourcecode.swift; path = ListViewHero.swift; sourceTree = "<group>"; };
		AA7DE4BA2C9F0D5800D51A42 /* View+Extension.swift */ = {isa = PBXFileReference; lastKnownFileType = sourcecode.swift; path = "View+Extension.swift"; sourceTree = "<group>"; };
		AA7DE4C12C9F1C9300D51A42 /* ItunesCallerConstants.swift */ = {isa = PBXFileReference; lastKnownFileType = sourcecode.swift; path = ItunesCallerConstants.swift; sourceTree = "<group>"; };
		AA7DE4C32C9F1D0800D51A42 /* ItunesModels.swift */ = {isa = PBXFileReference; lastKnownFileType = sourcecode.swift; path = ItunesModels.swift; sourceTree = "<group>"; };
		AA7DE4C82C9F1DA500D51A42 /* ItunesManager.swift */ = {isa = PBXFileReference; lastKnownFileType = sourcecode.swift; path = ItunesManager.swift; sourceTree = "<group>"; };
		AA7DE4CA2C9F1E0600D51A42 /* InjectionKey.swift */ = {isa = PBXFileReference; lastKnownFileType = sourcecode.swift; path = InjectionKey.swift; sourceTree = "<group>"; };
		AA7DE4CC2C9F724D00D51A42 /* PlayerView.swift */ = {isa = PBXFileReference; lastKnownFileType = sourcecode.swift; path = PlayerView.swift; sourceTree = "<group>"; };
		AA7DE4D12CA08D4C00D51A42 /* PodcastIndexModel.swift */ = {isa = PBXFileReference; lastKnownFileType = sourcecode.swift; path = PodcastIndexModel.swift; sourceTree = "<group>"; };
		AA7DE4D32CA08D8900D51A42 /* PodcastIndexManager.swift */ = {isa = PBXFileReference; lastKnownFileType = sourcecode.swift; path = PodcastIndexManager.swift; sourceTree = "<group>"; };
		AA7DE4D92CA090A400D51A42 /* PodcastIndexKey.pl */ = {isa = PBXFileReference; lastKnownFileType = text.script.perl; path = PodcastIndexKey.pl; sourceTree = "<group>"; };
		AA9278432C8F151C00D5CF6D /* podcast-ios.app */ = {isa = PBXFileReference; explicitFileType = wrapper.application; includeInIndex = 0; path = "podcast-ios.app"; sourceTree = BUILT_PRODUCTS_DIR; };
		AA9278462C8F151C00D5CF6D /* PodcastContentView.swift */ = {isa = PBXFileReference; lastKnownFileType = sourcecode.swift; path = PodcastContentView.swift; sourceTree = "<group>"; };
		AA92784A2C8F151D00D5CF6D /* Assets.xcassets */ = {isa = PBXFileReference; lastKnownFileType = folder.assetcatalog; path = Assets.xcassets; sourceTree = "<group>"; };
		AA92784D2C8F151D00D5CF6D /* Preview Assets.xcassets */ = {isa = PBXFileReference; lastKnownFileType = folder.assetcatalog; path = "Preview Assets.xcassets"; sourceTree = "<group>"; };
		AAAD22762CA31AAB0064F2C5 /* ExploreView.swift */ = {isa = PBXFileReference; lastKnownFileType = sourcecode.swift; path = ExploreView.swift; sourceTree = "<group>"; };
		AAAFD49C2CCC3B37006E2A89 /* HapticManager.swift */ = {isa = PBXFileReference; lastKnownFileType = sourcecode.swift; path = HapticManager.swift; sourceTree = "<group>"; };
		AAAFD49E2CCC456B006E2A89 /* SharedStateFileStorage.swift */ = {isa = PBXFileReference; lastKnownFileType = sourcecode.swift; path = SharedStateFileStorage.swift; sourceTree = "<group>"; };
		AAF16C652CB460720035F9D0 /* RSSFeed+Extension.swift */ = {isa = PBXFileReference; lastKnownFileType = sourcecode.swift; path = "RSSFeed+Extension.swift"; sourceTree = "<group>"; };
		AAF16C672CB5D4F00035F9D0 /* Info.plist */ = {isa = PBXFileReference; lastKnownFileType = text.plist; path = Info.plist; sourceTree = "<group>"; };
		AAF16C682CBAB2550035F9D0 /* ShowMorePodcastView.swift */ = {isa = PBXFileReference; lastKnownFileType = sourcecode.swift; path = ShowMorePodcastView.swift; sourceTree = "<group>"; };
		AAFED4322CC8143100A9096D /* ExploreSearchView.swift */ = {isa = PBXFileReference; lastKnownFileType = sourcecode.swift; path = ExploreSearchView.swift; sourceTree = "<group>"; };
/* End PBXFileReference section */

/* Begin PBXFrameworksBuildPhase section */
		AA9278402C8F151C00D5CF6D /* Frameworks */ = {
			isa = PBXFrameworksBuildPhase;
			buildActionMask = 2147483647;
			files = (
				AAF16C642CB440690035F9D0 /* FeedKit in Frameworks */,
				AAFED4362CC90EE700A9096D /* CachingPlayerItem in Frameworks */,
				AAF16C6C2CBACF900035F9D0 /* SliderControl in Frameworks */,
				AAFED4392CC9AE0F00A9096D /* Cache in Frameworks */,
				AA1798452CCBD702008B57AB /* CachedAsyncImage in Frameworks */,
				AA7DE4C72C9F1D4D00D51A42 /* SwiftyJSON in Frameworks */,
				AA9278562C8F155C00D5CF6D /* ComposableArchitecture in Frameworks */,
			);
			runOnlyForDeploymentPostprocessing = 0;
		};
/* End PBXFrameworksBuildPhase section */

/* Begin PBXGroup section */
		AA1F8E3A2CA8570B009FFC85 /* PodHubManager */ = {
			isa = PBXGroup;
			children = (
				AA1F8E3D2CA85737009FFC85 /* PodHubManager.swift */,
				AA1F8E3B2CA8571F009FFC85 /* PodHubModel.swift */,
			);
			path = PodHubManager;
			sourceTree = "<group>";
		};
		AA3098F32CC43CA8003CF32F /* PlayerManager */ = {
			isa = PBXGroup;
			children = (
				AA3098F42CC43CCD003CF32F /* AudioPlayer.swift */,
				AA3098F52CC43CCD003CF32F /* PlayerDurationObserver.swift */,
				AA3098F62CC43CCD003CF32F /* PlayerTimeObserver.swift */,
				AA3098F72CC43CCD003CF32F /* Queue.swift */,
			);
			path = PlayerManager;
			sourceTree = "<group>";
		};
		AA7DE4C02C9F1C6600D51A42 /* ItunesManager */ = {
			isa = PBXGroup;
			children = (
				AA7DE4C82C9F1DA500D51A42 /* ItunesManager.swift */,
				AA7DE4C32C9F1D0800D51A42 /* ItunesModels.swift */,
				AA7DE4C12C9F1C9300D51A42 /* ItunesCallerConstants.swift */,
			);
			path = ItunesManager;
			sourceTree = "<group>";
		};
		AA7DE4D02CA08D3500D51A42 /* PodcastIndexManager */ = {
			isa = PBXGroup;
			children = (
				AA7DE4D32CA08D8900D51A42 /* PodcastIndexManager.swift */,
				AA7DE4D12CA08D4C00D51A42 /* PodcastIndexModel.swift */,
			);
			path = PodcastIndexManager;
			sourceTree = "<group>";
		};
		AA92783A2C8F151C00D5CF6D = {
			isa = PBXGroup;
			children = (
				AA9278452C8F151C00D5CF6D /* podcast-ios */,
				AA9278442C8F151C00D5CF6D /* Products */,
			);
			sourceTree = "<group>";
		};
		AA9278442C8F151C00D5CF6D /* Products */ = {
			isa = PBXGroup;
			children = (
				AA9278432C8F151C00D5CF6D /* podcast-ios.app */,
			);
			name = Products;
			sourceTree = "<group>";
		};
		AA9278452C8F151C00D5CF6D /* podcast-ios */ = {
			isa = PBXGroup;
			children = (
				AAAFD49E2CCC456B006E2A89 /* SharedStateFileStorage.swift */,
				AAAFD49C2CCC3B37006E2A89 /* HapticManager.swift */,
				AAFED4322CC8143100A9096D /* ExploreSearchView.swift */,
				AA3098F32CC43CA8003CF32F /* PlayerManager */,
				AAF16C682CBAB2550035F9D0 /* ShowMorePodcastView.swift */,
				AAF16C672CB5D4F00035F9D0 /* Info.plist */,
				AAF16C652CB460720035F9D0 /* RSSFeed+Extension.swift */,
				AA45496E2CB43A450055890A /* PodcastDetailsView.swift */,
				AA1F8E3A2CA8570B009FFC85 /* PodHubManager */,
				AA7DE4D02CA08D3500D51A42 /* PodcastIndexManager */,
				AA7DE4CC2C9F724D00D51A42 /* PlayerView.swift */,
				AA7DE4CA2C9F1E0600D51A42 /* InjectionKey.swift */,
				AA7DE4C02C9F1C6600D51A42 /* ItunesManager */,
				AA7DE4B72C9F0D5800D51A42 /* HomeView.swift */,
				AA7DE4B82C9F0D5800D51A42 /* ListViewCell.swift */,
				AA7DE4B92C9F0D5800D51A42 /* ListViewHero.swift */,
				AA7DE4BA2C9F0D5800D51A42 /* View+Extension.swift */,
				AA9278462C8F151C00D5CF6D /* PodcastContentView.swift */,
				AA92784A2C8F151D00D5CF6D /* Assets.xcassets */,
				AA92784C2C8F151D00D5CF6D /* Preview Content */,
				AA7DE4D92CA090A400D51A42 /* PodcastIndexKey.pl */,
				AAAD22762CA31AAB0064F2C5 /* ExploreView.swift */,
			);
			path = "podcast-ios";
			sourceTree = "<group>";
		};
		AA92784C2C8F151D00D5CF6D /* Preview Content */ = {
			isa = PBXGroup;
			children = (
				AA92784D2C8F151D00D5CF6D /* Preview Assets.xcassets */,
			);
			path = "Preview Content";
			sourceTree = "<group>";
		};
/* End PBXGroup section */

/* Begin PBXNativeTarget section */
		AA9278422C8F151C00D5CF6D /* podcast-ios */ = {
			isa = PBXNativeTarget;
			buildConfigurationList = AA9278512C8F151D00D5CF6D /* Build configuration list for PBXNativeTarget "podcast-ios" */;
			buildPhases = (
				AA92783F2C8F151C00D5CF6D /* Sources */,
				AA9278402C8F151C00D5CF6D /* Frameworks */,
				AA9278412C8F151C00D5CF6D /* Resources */,
				AAF16E0B2CC2E93B0035F9D0 /* ShellScript */,
			);
			buildRules = (
			);
			dependencies = (
			);
			name = "podcast-ios";
			packageProductDependencies = (
				AA9278552C8F155C00D5CF6D /* ComposableArchitecture */,
				AA7DE4C62C9F1D4D00D51A42 /* SwiftyJSON */,
				AAF16C632CB440690035F9D0 /* FeedKit */,
				AAF16C6B2CBACF900035F9D0 /* SliderControl */,
				AAFED4352CC90EE700A9096D /* CachingPlayerItem */,
				AAFED4382CC9AE0F00A9096D /* Cache */,
				AA1798442CCBD702008B57AB /* CachedAsyncImage */,
			);
			productName = "podcast-ios";
			productReference = AA9278432C8F151C00D5CF6D /* podcast-ios.app */;
			productType = "com.apple.product-type.application";
		};
/* End PBXNativeTarget section */

/* Begin PBXProject section */
		AA92783B2C8F151C00D5CF6D /* Project object */ = {
			isa = PBXProject;
			attributes = {
				BuildIndependentTargetsInParallel = 1;
				LastSwiftUpdateCheck = 1540;
				LastUpgradeCheck = 1540;
				TargetAttributes = {
					AA9278422C8F151C00D5CF6D = {
						CreatedOnToolsVersion = 15.4;
					};
				};
			};
			buildConfigurationList = AA92783E2C8F151C00D5CF6D /* Build configuration list for PBXProject "podcast-ios" */;
			compatibilityVersion = "Xcode 14.0";
			developmentRegion = en;
			hasScannedForEncodings = 0;
			knownRegions = (
				en,
				Base,
			);
			mainGroup = AA92783A2C8F151C00D5CF6D;
			packageReferences = (
				AA9278542C8F155C00D5CF6D /* XCRemoteSwiftPackageReference "swift-composable-architecture" */,
				AA7DE4C52C9F1D4D00D51A42 /* XCRemoteSwiftPackageReference "SwiftyJSON" */,
				AAF16C622CB440690035F9D0 /* XCRemoteSwiftPackageReference "FeedKit" */,
				AAF16C6A2CBACF900035F9D0 /* XCRemoteSwiftPackageReference "SliderControl" */,
				AAFED4342CC90EE700A9096D /* XCRemoteSwiftPackageReference "CachingPlayerItem" */,
				AAFED4372CC9AE0F00A9096D /* XCRemoteSwiftPackageReference "Cache" */,
				AA1798432CCBD701008B57AB /* XCRemoteSwiftPackageReference "swiftui-cached-async-image" */,
			);
			productRefGroup = AA9278442C8F151C00D5CF6D /* Products */;
			projectDirPath = "";
			projectRoot = "";
			targets = (
				AA9278422C8F151C00D5CF6D /* podcast-ios */,
			);
		};
/* End PBXProject section */

/* Begin PBXResourcesBuildPhase section */
		AA9278412C8F151C00D5CF6D /* Resources */ = {
			isa = PBXResourcesBuildPhase;
			buildActionMask = 2147483647;
			files = (
				AA7DE4DA2CA090A400D51A42 /* PodcastIndexKey.pl in Resources */,
				AA92784E2C8F151D00D5CF6D /* Preview Assets.xcassets in Resources */,
				AA92784B2C8F151D00D5CF6D /* Assets.xcassets in Resources */,
			);
			runOnlyForDeploymentPostprocessing = 0;
		};
/* End PBXResourcesBuildPhase section */

/* Begin PBXShellScriptBuildPhase section */
		AAF16E0B2CC2E93B0035F9D0 /* ShellScript */ = {
			isa = PBXShellScriptBuildPhase;
			buildActionMask = 2147483647;
			files = (
			);
			inputFileListPaths = (
			);
			inputPaths = (
			);
			outputFileListPaths = (
			);
			outputPaths = (
			);
			runOnlyForDeploymentPostprocessing = 0;
			shellPath = /bin/sh;
			shellScript = "# Type a script or drag a script file from your workspace to insert its path.\nif command -v swiftlint >/dev/null 2>&1\nthen\n    swiftlint\nelse\n    echo \"warning: `swiftlint` command not found - See https://github.com/realm/SwiftLint#installation for installation instructions.\"\nfi\n";
		};
/* End PBXShellScriptBuildPhase section */

/* Begin PBXSourcesBuildPhase section */
		AA92783F2C8F151C00D5CF6D /* Sources */ = {
			isa = PBXSourcesBuildPhase;
			buildActionMask = 2147483647;
			files = (
				AAAD22772CA31AAB0064F2C5 /* ExploreView.swift in Sources */,
				AA7DE4C22C9F1C9600D51A42 /* ItunesCallerConstants.swift in Sources */,
				AAF16C662CB460750035F9D0 /* RSSFeed+Extension.swift in Sources */,
				AAFED4332CC8143800A9096D /* ExploreSearchView.swift in Sources */,
				AA7DE4C92C9F1DA800D51A42 /* ItunesManager.swift in Sources */,
				AA1F8E3C2CA8572C009FFC85 /* PodHubModel.swift in Sources */,
				AA7DE4BB2C9F0D5800D51A42 /* HomeView.swift in Sources */,
				AAF16C692CBAB2840035F9D0 /* ShowMorePodcastView.swift in Sources */,
				AA7DE4CD2C9F725200D51A42 /* PlayerView.swift in Sources */,
				AA7DE4D22CA08D4F00D51A42 /* PodcastIndexModel.swift in Sources */,
				AAAFD49D2CCC3B3E006E2A89 /* HapticManager.swift in Sources */,
				AA3098F82CC43CCD003CF32F /* AudioPlayer.swift in Sources */,
				AA3098F92CC43CCD003CF32F /* PlayerTimeObserver.swift in Sources */,
				AA3098FA2CC43CCD003CF32F /* Queue.swift in Sources */,
				AA3098FB2CC43CCD003CF32F /* PlayerDurationObserver.swift in Sources */,
				AA7DE4C42C9F1D0D00D51A42 /* ItunesModels.swift in Sources */,
				AA7DE4BC2C9F0D5800D51A42 /* View+Extension.swift in Sources */,
				AA7DE4BD2C9F0D5800D51A42 /* ListViewCell.swift in Sources */,
				AA1F8E3E2CA8573E009FFC85 /* PodHubManager.swift in Sources */,
				AA45496F2CB43A5C0055890A /* PodcastDetailsView.swift in Sources */,
				AA7DE4D42CA08D8D00D51A42 /* PodcastIndexManager.swift in Sources */,
				AAAFD49F2CCC456C006E2A89 /* SharedStateFileStorage.swift in Sources */,
				AA7DE4BE2C9F0D5800D51A42 /* ListViewHero.swift in Sources */,
				AA7DE4CB2C9F1E0A00D51A42 /* InjectionKey.swift in Sources */,
				AA9278472C8F151C00D5CF6D /* PodcastContentView.swift in Sources */,
			);
			runOnlyForDeploymentPostprocessing = 0;
		};
/* End PBXSourcesBuildPhase section */

/* Begin XCBuildConfiguration section */
		AA92784F2C8F151D00D5CF6D /* Debug */ = {
			isa = XCBuildConfiguration;
			buildSettings = {
				ALWAYS_SEARCH_USER_PATHS = NO;
				ASSETCATALOG_COMPILER_GENERATE_SWIFT_ASSET_SYMBOL_EXTENSIONS = YES;
				CLANG_ANALYZER_NONNULL = YES;
				CLANG_ANALYZER_NUMBER_OBJECT_CONVERSION = YES_AGGRESSIVE;
				CLANG_CXX_LANGUAGE_STANDARD = "gnu++20";
				CLANG_ENABLE_MODULES = YES;
				CLANG_ENABLE_OBJC_ARC = YES;
				CLANG_ENABLE_OBJC_WEAK = YES;
				CLANG_WARN_BLOCK_CAPTURE_AUTORELEASING = YES;
				CLANG_WARN_BOOL_CONVERSION = YES;
				CLANG_WARN_COMMA = YES;
				CLANG_WARN_CONSTANT_CONVERSION = YES;
				CLANG_WARN_DEPRECATED_OBJC_IMPLEMENTATIONS = YES;
				CLANG_WARN_DIRECT_OBJC_ISA_USAGE = YES_ERROR;
				CLANG_WARN_DOCUMENTATION_COMMENTS = YES;
				CLANG_WARN_EMPTY_BODY = YES;
				CLANG_WARN_ENUM_CONVERSION = YES;
				CLANG_WARN_INFINITE_RECURSION = YES;
				CLANG_WARN_INT_CONVERSION = YES;
				CLANG_WARN_NON_LITERAL_NULL_CONVERSION = YES;
				CLANG_WARN_OBJC_IMPLICIT_RETAIN_SELF = YES;
				CLANG_WARN_OBJC_LITERAL_CONVERSION = YES;
				CLANG_WARN_OBJC_ROOT_CLASS = YES_ERROR;
				CLANG_WARN_QUOTED_INCLUDE_IN_FRAMEWORK_HEADER = YES;
				CLANG_WARN_RANGE_LOOP_ANALYSIS = YES;
				CLANG_WARN_STRICT_PROTOTYPES = YES;
				CLANG_WARN_SUSPICIOUS_MOVE = YES;
				CLANG_WARN_UNGUARDED_AVAILABILITY = YES_AGGRESSIVE;
				CLANG_WARN_UNREACHABLE_CODE = YES;
				CLANG_WARN__DUPLICATE_METHOD_MATCH = YES;
				COPY_PHASE_STRIP = NO;
				DEBUG_INFORMATION_FORMAT = dwarf;
				ENABLE_STRICT_OBJC_MSGSEND = YES;
				ENABLE_TESTABILITY = YES;
				ENABLE_USER_SCRIPT_SANDBOXING = YES;
				GCC_C_LANGUAGE_STANDARD = gnu17;
				GCC_DYNAMIC_NO_PIC = NO;
				GCC_NO_COMMON_BLOCKS = YES;
				GCC_OPTIMIZATION_LEVEL = 0;
				GCC_PREPROCESSOR_DEFINITIONS = (
					"DEBUG=1",
					"$(inherited)",
				);
				GCC_WARN_64_TO_32_BIT_CONVERSION = YES;
				GCC_WARN_ABOUT_RETURN_TYPE = YES_ERROR;
				GCC_WARN_UNDECLARED_SELECTOR = YES;
				GCC_WARN_UNINITIALIZED_AUTOS = YES_AGGRESSIVE;
				GCC_WARN_UNUSED_FUNCTION = YES;
				GCC_WARN_UNUSED_VARIABLE = YES;
				IPHONEOS_DEPLOYMENT_TARGET = 17.5;
				LOCALIZATION_PREFERS_STRING_CATALOGS = YES;
				MTL_ENABLE_DEBUG_INFO = INCLUDE_SOURCE;
				MTL_FAST_MATH = YES;
				ONLY_ACTIVE_ARCH = YES;
				SDKROOT = iphoneos;
				SWIFT_ACTIVE_COMPILATION_CONDITIONS = "DEBUG $(inherited)";
				SWIFT_OPTIMIZATION_LEVEL = "-Onone";
			};
			name = Debug;
		};
		AA9278502C8F151D00D5CF6D /* Release */ = {
			isa = XCBuildConfiguration;
			buildSettings = {
				ALWAYS_SEARCH_USER_PATHS = NO;
				ASSETCATALOG_COMPILER_GENERATE_SWIFT_ASSET_SYMBOL_EXTENSIONS = YES;
				CLANG_ANALYZER_NONNULL = YES;
				CLANG_ANALYZER_NUMBER_OBJECT_CONVERSION = YES_AGGRESSIVE;
				CLANG_CXX_LANGUAGE_STANDARD = "gnu++20";
				CLANG_ENABLE_MODULES = YES;
				CLANG_ENABLE_OBJC_ARC = YES;
				CLANG_ENABLE_OBJC_WEAK = YES;
				CLANG_WARN_BLOCK_CAPTURE_AUTORELEASING = YES;
				CLANG_WARN_BOOL_CONVERSION = YES;
				CLANG_WARN_COMMA = YES;
				CLANG_WARN_CONSTANT_CONVERSION = YES;
				CLANG_WARN_DEPRECATED_OBJC_IMPLEMENTATIONS = YES;
				CLANG_WARN_DIRECT_OBJC_ISA_USAGE = YES_ERROR;
				CLANG_WARN_DOCUMENTATION_COMMENTS = YES;
				CLANG_WARN_EMPTY_BODY = YES;
				CLANG_WARN_ENUM_CONVERSION = YES;
				CLANG_WARN_INFINITE_RECURSION = YES;
				CLANG_WARN_INT_CONVERSION = YES;
				CLANG_WARN_NON_LITERAL_NULL_CONVERSION = YES;
				CLANG_WARN_OBJC_IMPLICIT_RETAIN_SELF = YES;
				CLANG_WARN_OBJC_LITERAL_CONVERSION = YES;
				CLANG_WARN_OBJC_ROOT_CLASS = YES_ERROR;
				CLANG_WARN_QUOTED_INCLUDE_IN_FRAMEWORK_HEADER = YES;
				CLANG_WARN_RANGE_LOOP_ANALYSIS = YES;
				CLANG_WARN_STRICT_PROTOTYPES = YES;
				CLANG_WARN_SUSPICIOUS_MOVE = YES;
				CLANG_WARN_UNGUARDED_AVAILABILITY = YES_AGGRESSIVE;
				CLANG_WARN_UNREACHABLE_CODE = YES;
				CLANG_WARN__DUPLICATE_METHOD_MATCH = YES;
				COPY_PHASE_STRIP = NO;
				DEBUG_INFORMATION_FORMAT = "dwarf-with-dsym";
				ENABLE_NS_ASSERTIONS = NO;
				ENABLE_STRICT_OBJC_MSGSEND = YES;
				ENABLE_USER_SCRIPT_SANDBOXING = YES;
				GCC_C_LANGUAGE_STANDARD = gnu17;
				GCC_NO_COMMON_BLOCKS = YES;
				GCC_WARN_64_TO_32_BIT_CONVERSION = YES;
				GCC_WARN_ABOUT_RETURN_TYPE = YES_ERROR;
				GCC_WARN_UNDECLARED_SELECTOR = YES;
				GCC_WARN_UNINITIALIZED_AUTOS = YES_AGGRESSIVE;
				GCC_WARN_UNUSED_FUNCTION = YES;
				GCC_WARN_UNUSED_VARIABLE = YES;
				IPHONEOS_DEPLOYMENT_TARGET = 17.5;
				LOCALIZATION_PREFERS_STRING_CATALOGS = YES;
				MTL_ENABLE_DEBUG_INFO = NO;
				MTL_FAST_MATH = YES;
				SDKROOT = iphoneos;
				SWIFT_COMPILATION_MODE = wholemodule;
				VALIDATE_PRODUCT = YES;
			};
			name = Release;
		};
		AA9278522C8F151D00D5CF6D /* Debug */ = {
			isa = XCBuildConfiguration;
			buildSettings = {
				ASSETCATALOG_COMPILER_APPICON_NAME = AppIcon;
				ASSETCATALOG_COMPILER_GLOBAL_ACCENT_COLOR_NAME = AccentColor;
				CODE_SIGN_STYLE = Automatic;
				CURRENT_PROJECT_VERSION = 1;
				DEVELOPMENT_ASSET_PATHS = "\"podcast-ios/Preview Content\"";
				DEVELOPMENT_TEAM = 534SAT4S5S;
				ENABLE_PREVIEWS = YES;
				ENABLE_USER_SCRIPT_SANDBOXING = NO;
				GENERATE_INFOPLIST_FILE = YES;
				INFOPLIST_FILE = "podcast-ios/Info.plist";
				INFOPLIST_KEY_UIApplicationSceneManifest_Generation = YES;
				INFOPLIST_KEY_UIApplicationSupportsIndirectInputEvents = YES;
				INFOPLIST_KEY_UILaunchScreen_Generation = YES;
				INFOPLIST_KEY_UISupportedInterfaceOrientations = UIInterfaceOrientationPortrait;
				INFOPLIST_KEY_UISupportedInterfaceOrientations_iPad = "UIInterfaceOrientationPortrait UIInterfaceOrientationPortraitUpsideDown";
				LD_RUNPATH_SEARCH_PATHS = (
					"$(inherited)",
					"@executable_path/Frameworks",
				);
				MARKETING_VERSION = 1.0;
				PRODUCT_BUNDLE_IDENTIFIER = "com.atwsmf.podcast-ios";
				PRODUCT_NAME = "$(TARGET_NAME)";
				SUPPORTED_PLATFORMS = "iphoneos iphonesimulator";
				SUPPORTS_MACCATALYST = NO;
				SUPPORTS_MAC_DESIGNED_FOR_IPHONE_IPAD = NO;
				SUPPORTS_XR_DESIGNED_FOR_IPHONE_IPAD = NO;
				SWIFT_EMIT_LOC_STRINGS = YES;
				SWIFT_STRICT_CONCURRENCY = complete;
				SWIFT_VERSION = 5.0;
				TARGETED_DEVICE_FAMILY = 1;
			};
			name = Debug;
		};
		AA9278532C8F151D00D5CF6D /* Release */ = {
			isa = XCBuildConfiguration;
			buildSettings = {
				ASSETCATALOG_COMPILER_APPICON_NAME = AppIcon;
				ASSETCATALOG_COMPILER_GLOBAL_ACCENT_COLOR_NAME = AccentColor;
				CODE_SIGN_STYLE = Automatic;
				CURRENT_PROJECT_VERSION = 1;
				DEVELOPMENT_ASSET_PATHS = "\"podcast-ios/Preview Content\"";
				DEVELOPMENT_TEAM = 534SAT4S5S;
				ENABLE_PREVIEWS = YES;
				ENABLE_USER_SCRIPT_SANDBOXING = NO;
				GENERATE_INFOPLIST_FILE = YES;
				INFOPLIST_FILE = "podcast-ios/Info.plist";
				INFOPLIST_KEY_UIApplicationSceneManifest_Generation = YES;
				INFOPLIST_KEY_UIApplicationSupportsIndirectInputEvents = YES;
				INFOPLIST_KEY_UILaunchScreen_Generation = YES;
				INFOPLIST_KEY_UISupportedInterfaceOrientations = UIInterfaceOrientationPortrait;
				INFOPLIST_KEY_UISupportedInterfaceOrientations_iPad = "UIInterfaceOrientationPortrait UIInterfaceOrientationPortraitUpsideDown";
				LD_RUNPATH_SEARCH_PATHS = (
					"$(inherited)",
					"@executable_path/Frameworks",
				);
				MARKETING_VERSION = 1.0;
				PRODUCT_BUNDLE_IDENTIFIER = "com.atwsmf.podcast-ios";
				PRODUCT_NAME = "$(TARGET_NAME)";
				SUPPORTED_PLATFORMS = "iphoneos iphonesimulator";
				SUPPORTS_MACCATALYST = NO;
				SUPPORTS_MAC_DESIGNED_FOR_IPHONE_IPAD = NO;
				SUPPORTS_XR_DESIGNED_FOR_IPHONE_IPAD = NO;
				SWIFT_EMIT_LOC_STRINGS = YES;
				SWIFT_STRICT_CONCURRENCY = complete;
				SWIFT_VERSION = 5.0;
				TARGETED_DEVICE_FAMILY = 1;
			};
			name = Release;
		};
/* End XCBuildConfiguration section */

/* Begin XCConfigurationList section */
		AA92783E2C8F151C00D5CF6D /* Build configuration list for PBXProject "podcast-ios" */ = {
			isa = XCConfigurationList;
			buildConfigurations = (
				AA92784F2C8F151D00D5CF6D /* Debug */,
				AA9278502C8F151D00D5CF6D /* Release */,
			);
			defaultConfigurationIsVisible = 0;
			defaultConfigurationName = Release;
		};
		AA9278512C8F151D00D5CF6D /* Build configuration list for PBXNativeTarget "podcast-ios" */ = {
			isa = XCConfigurationList;
			buildConfigurations = (
				AA9278522C8F151D00D5CF6D /* Debug */,
				AA9278532C8F151D00D5CF6D /* Release */,
			);
			defaultConfigurationIsVisible = 0;
			defaultConfigurationName = Release;
		};
/* End XCConfigurationList section */

/* Begin XCRemoteSwiftPackageReference section */
		AA1798432CCBD701008B57AB /* XCRemoteSwiftPackageReference "swiftui-cached-async-image" */ = {
			isa = XCRemoteSwiftPackageReference;
			repositoryURL = "https://github.com/lorenzofiamingo/swiftui-cached-async-image.git";
			requirement = {
				kind = upToNextMajorVersion;
				minimumVersion = 2.1.1;
			};
		};
		AA7DE4C52C9F1D4D00D51A42 /* XCRemoteSwiftPackageReference "SwiftyJSON" */ = {
			isa = XCRemoteSwiftPackageReference;
			repositoryURL = "https://github.com/SwiftyJSON/SwiftyJSON.git";
			requirement = {
				kind = upToNextMajorVersion;
				minimumVersion = 5.0.2;
			};
		};
		AA9278542C8F155C00D5CF6D /* XCRemoteSwiftPackageReference "swift-composable-architecture" */ = {
			isa = XCRemoteSwiftPackageReference;
			repositoryURL = "https://github.com/pointfreeco/swift-composable-architecture.git";
			requirement = {
				kind = upToNextMajorVersion;
				minimumVersion = 1.15.2;
			};
		};
		AAF16C622CB440690035F9D0 /* XCRemoteSwiftPackageReference "FeedKit" */ = {
			isa = XCRemoteSwiftPackageReference;
			repositoryURL = "https://github.com/nmdias/FeedKit.git";
			requirement = {
				kind = upToNextMajorVersion;
				minimumVersion = 9.1.2;
			};
		};
		AAF16C6A2CBACF900035F9D0 /* XCRemoteSwiftPackageReference "SliderControl" */ = {
			isa = XCRemoteSwiftPackageReference;
			repositoryURL = "https://github.com/AlexChekel1337/SliderControl.git";
			requirement = {
				branch = main;
				kind = branch;
			};
		};
		AAFED4342CC90EE700A9096D /* XCRemoteSwiftPackageReference "CachingPlayerItem" */ = {
			isa = XCRemoteSwiftPackageReference;
			repositoryURL = "https://github.com/sukov/CachingPlayerItem.git";
			requirement = {
				kind = upToNextMajorVersion;
				minimumVersion = 1.1.3;
			};
		};
		AAFED4372CC9AE0F00A9096D /* XCRemoteSwiftPackageReference "Cache" */ = {
			isa = XCRemoteSwiftPackageReference;
			repositoryURL = "https://github.com/hyperoslo/Cache.git";
			requirement = {
				kind = upToNextMajorVersion;
				minimumVersion = 7.4.0;
			};
		};
/* End XCRemoteSwiftPackageReference section */

/* Begin XCSwiftPackageProductDependency section */
		AA1798442CCBD702008B57AB /* CachedAsyncImage */ = {
			isa = XCSwiftPackageProductDependency;
			package = AA1798432CCBD701008B57AB /* XCRemoteSwiftPackageReference "swiftui-cached-async-image" */;
			productName = CachedAsyncImage;
		};
		AA7DE4C62C9F1D4D00D51A42 /* SwiftyJSON */ = {
			isa = XCSwiftPackageProductDependency;
			package = AA7DE4C52C9F1D4D00D51A42 /* XCRemoteSwiftPackageReference "SwiftyJSON" */;
			productName = SwiftyJSON;
		};
		AA9278552C8F155C00D5CF6D /* ComposableArchitecture */ = {
			isa = XCSwiftPackageProductDependency;
			package = AA9278542C8F155C00D5CF6D /* XCRemoteSwiftPackageReference "swift-composable-architecture" */;
			productName = ComposableArchitecture;
		};
		AAF16C632CB440690035F9D0 /* FeedKit */ = {
			isa = XCSwiftPackageProductDependency;
			package = AAF16C622CB440690035F9D0 /* XCRemoteSwiftPackageReference "FeedKit" */;
			productName = FeedKit;
		};
		AAF16C6B2CBACF900035F9D0 /* SliderControl */ = {
			isa = XCSwiftPackageProductDependency;
			package = AAF16C6A2CBACF900035F9D0 /* XCRemoteSwiftPackageReference "SliderControl" */;
			productName = SliderControl;
		};
		AAFED4352CC90EE700A9096D /* CachingPlayerItem */ = {
			isa = XCSwiftPackageProductDependency;
			package = AAFED4342CC90EE700A9096D /* XCRemoteSwiftPackageReference "CachingPlayerItem" */;
			productName = CachingPlayerItem;
		};
		AAFED4382CC9AE0F00A9096D /* Cache */ = {
			isa = XCSwiftPackageProductDependency;
			package = AAFED4372CC9AE0F00A9096D /* XCRemoteSwiftPackageReference "Cache" */;
			productName = Cache;
		};
/* End XCSwiftPackageProductDependency section */
	};
	rootObject = AA92783B2C8F151C00D5CF6D /* Project object */;
}
